
Microsoft Visual Studio Solution File, Format Version 12.00
# Visual Studio Version 17
VisualStudioVersion = 17.2.32602.215
MinimumVisualStudioVersion = 10.0.40219.1
Project("{8BC9CEB8-8B4A-11D0-8D11-00A0C91BC942}") = "Cpp1_3", "Cpp1_3\Cpp1_3.vcxproj", "{BB28D2CC-834A-431B-84A1-9A49F807CFE4}"
EndProject
Project("{8BC9CEB8-8B4A-11D0-8D11-00A0C91BC942}") = "Cpp1_4", "Cpp1_4\Cpp1_4.vcxproj", "{B29B5BA1-7B5A-49AA-AE0D-B39530974EBC}"
EndProject
Project("{8BC9CEB8-8B4A-11D0-8D11-00A0C91BC942}") = "Cpp1_5", "Cpp1_5\cpp1_5.vcxproj", "{C65426F9-42E7-4B89-9B9F-F8EB86081E8C}"
EndProject
Project("{8BC9CEB8-8B4A-11D0-8D11-00A0C91BC942}") = "Cpp2_1", "Cpp2_1\Cpp2_1.vcxproj", "{E3C7EB31-A313-4719-8712-C9ED2DE95E27}"
EndProject
Project("{8BC9CEB8-8B4A-11D0-8D11-00A0C91BC942}") = "Cpp2_2_float", "cpp2_2_floate\cpp2_2_floate.vcxproj", "{E05401BE-1593-4665-94DA-FC21647499CC}"
EndProject
Project("{8BC9CEB8-8B4A-11D0-8D11-00A0C91BC942}") = "Cpp2_3_string", "Cpp2_3_string\Cpp2_3_string.vcxproj", "{E5869DFE-0600-487F-BDB1-CE613FB58F98}"
EndProject
Project("{8BC9CEB8-8B4A-11D0-8D11-00A0C91BC942}") = "Cpp3_1_printf", "Cpp3_1_printf\Cpp3_1_printf.vcxproj", "{81F77710-402E-4B86-A1A1-E2962A34FDDD}"
EndProject
Project("{8BC9CEB8-8B4A-11D0-8D11-00A0C91BC942}") = "Cpp3_1_file_io", "Cpp3_1_file_io\Cpp3_1_file_io.vcxproj", "{B45E2000-1D32-48CA-B7D6-2E42B0300A0C}"
EndProject
Project("{8BC9CEB8-8B4A-11D0-8D11-00A0C91BC942}") = "Cpp3_2_1_scanf", "Cpp3_2\Cpp3_2.vcxproj", "{594BDCAA-FC08-43B1-9ECA-0D879BA28D69}"
EndProject
Project("{8BC9CEB8-8B4A-11D0-8D11-00A0C91BC942}") = "Cpp3_2_2_scanf", "Cpp3_2_1\Cpp3_2_1.vcxproj", "{7F757578-0691-4F31-A962-81232415E8E3}"
EndProject
Project("{8BC9CEB8-8B4A-11D0-8D11-00A0C91BC942}") = "Cpp3_2_3_scanf_read_file", "Cpp3_2_2_scanf_read_file\Cpp3_2_2_scanf_read_file.vcxproj", "{EFDBAF82-C2C7-4556-9301-68CABB21B8FF}"
EndProject
Project("{8BC9CEB8-8B4A-11D0-8D11-00A0C91BC942}") = "Cpp3_3_1_cout", "Cpp3_3_1_cout\Cpp3_3_1_cout.vcxproj", "{E597E2D4-DBE7-4D7A-82CF-290DB484B367}"
EndProject
Project("{8BC9CEB8-8B4A-11D0-8D11-00A0C91BC942}") = "Cpp3_4_1_cin", "Cpp3_4_1_cin\Cpp3_4_1_cin.vcxproj", "{29952283-B893-4D3A-9796-F794C0943E5B}"
EndProject
Project("{8BC9CEB8-8B4A-11D0-8D11-00A0C91BC942}") = "cpp4_1_산술연산자", "cpp4_1_산술연산자\cpp4_1_산술연산자.vcxproj", "{C868C6F6-24CD-4E4A-897F-4CC97283EF9C}"
EndProject
Project("{8BC9CEB8-8B4A-11D0-8D11-00A0C91BC942}") = "Cpp4_2_비교관계연산자", "Cpp4_2_비교관계연산자\Cpp4_2_비교관계연산자.vcxproj", "{EFB39F5E-9CB1-4EC4-8CEA-A4439EB172DB}"
EndProject
Project("{8BC9CEB8-8B4A-11D0-8D11-00A0C91BC942}") = "Cpp4_3_논리연산자", "Cpp4_3_논리연산자\Cpp4_3_논리연산자.vcxproj", "{9E20759B-540A-40BA-9FF6-4F59B04A0B30}"
EndProject
Project("{8BC9CEB8-8B4A-11D0-8D11-00A0C91BC942}") = "Cpp4_4_bit_operator", "Cpp4_4_bit_operator\Cpp4_4_bit_operator.vcxproj", "{99FA406A-FBAC-4225-8D12-C15A82778D7F}"
EndProject
Project("{8BC9CEB8-8B4A-11D0-8D11-00A0C91BC942}") = "input", "input\input.vcxproj", "{D5420346-EFBD-4DDE-AFD1-471E490B625C}"
EndProject
Project("{8BC9CEB8-8B4A-11D0-8D11-00A0C91BC942}") = "test", "test\test.vcxproj", "{3442270F-4733-40A3-97DF-2B75912988AC}"
EndProject
Project("{8BC9CEB8-8B4A-11D0-8D11-00A0C91BC942}") = "function_split", "function_split\function_split.vcxproj", "{C3905431-1BCF-474B-8F68-F54227827F53}"
EndProject
Project("{8BC9CEB8-8B4A-11D0-8D11-00A0C91BC942}") = "function_trim", "function_trim\function_trim.vcxproj", "{9712D490-319D-44E2-86AA-EA1AC78EDFFA}"
EndProject
Project("{8BC9CEB8-8B4A-11D0-8D11-00A0C91BC942}") = "function_tie", "tie_pair_tuple\tie_pair_tuple.vcxproj", "{6394B715-DBAF-4484-A3E6-08CFFF1BADEC}"
EndProject
Project("{8BC9CEB8-8B4A-11D0-8D11-00A0C91BC942}") = "function_sort", "function_sort\function_sort.vcxproj", "{62705C0C-3BA4-455B-889F-91D532913538}"
EndProject
Project("{8BC9CEB8-8B4A-11D0-8D11-00A0C91BC942}") = "function_vector", "function_vector\function_vector.vcxproj", "{51EB68E8-4EED-404D-ABD9-A7750F1A123C}"
EndProject
Project("{8BC9CEB8-8B4A-11D0-8D11-00A0C91BC942}") = "function_fill_init", "function_fill_init\function_fill_init.vcxproj", "{82171D3D-D2F9-43F6-94C4-C7092E4FCF39}"
EndProject
Project("{8BC9CEB8-8B4A-11D0-8D11-00A0C91BC942}") = "function_memcpy", "function_memcpy\function_memcpy.vcxproj", "{4FC3F3D6-DC37-4450-920B-FAC842043E11}"
EndProject
Project("{8BC9CEB8-8B4A-11D0-8D11-00A0C91BC942}") = "function_matrix", "function_matrix\function_matrix.vcxproj", "{06D3ECBF-3F0B-4BC4-A9A8-928D00FE6AA4}"
EndProject
Project("{8BC9CEB8-8B4A-11D0-8D11-00A0C91BC942}") = "function_umap", "function_umap\function_umap.vcxproj", "{A5A2AAC3-6F65-4EDB-8014-CFFF128E6C07}"
EndProject
Project("{8BC9CEB8-8B4A-11D0-8D11-00A0C91BC942}") = "function_map_set_multiset", "function_map_set_multiset\function_map_set_multiset.vcxproj", "{EC6D25B4-DDD6-4620-BBD5-64E72D3A42AE}"
EndProject
Project("{8BC9CEB8-8B4A-11D0-8D11-00A0C91BC942}") = "function_queue_deque", "function_queue_deque\function_queue_deque.vcxproj", "{0164F5CD-37C7-46E4-B77E-5FF532D97234}"
EndProject
Project("{8BC9CEB8-8B4A-11D0-8D11-00A0C91BC942}") = "function_custom_sort", "function_custom_sort\function_custom_sort.vcxproj", "{FA504B46-2DB0-4792-B0C0-42A604CF245E}"
EndProject
Project("{8BC9CEB8-8B4A-11D0-8D11-00A0C91BC942}") = "function_custom_sort_2", "function_custom_sort_2\function_custom_sort_2.vcxproj", "{373F56D0-6B6A-4A75-A96A-A835E0E0BACB}"
EndProject
Project("{8BC9CEB8-8B4A-11D0-8D11-00A0C91BC942}") = "function_pointer_with", "function_iterator_potiner\function_iterator_potiner.vcxproj", "{4749B925-AA19-4A1A-B7E6-7D7380DC300D}"
EndProject
Project("{8BC9CEB8-8B4A-11D0-8D11-00A0C91BC942}") = "function_permutation", "function_permutation\function_permutation.vcxproj", "{9CEA435A-1E06-4DE6-A465-815F1F43ABDD}"
EndProject
Project("{8BC9CEB8-8B4A-11D0-8D11-00A0C91BC942}") = "function_permutation_2", "function_permutation_2\function_permutation_2.vcxproj", "{9AD66917-DEF7-48DD-98EA-CB6048E7D094}"
EndProject
Project("{8BC9CEB8-8B4A-11D0-8D11-00A0C91BC942}") = "test2", "test2\test2.vcxproj", "{D6C567AD-479C-46B9-8790-D211609ED79B}"
EndProject
Project("{8BC9CEB8-8B4A-11D0-8D11-00A0C91BC942}") = "algorithm_2", "algorithm_2\algorithm_2.vcxproj", "{7D8EAB72-4E4A-4823-A542-C666DF235B57}"
EndProject
Project("{8BC9CEB8-8B4A-11D0-8D11-00A0C91BC942}") = "algorithm_3", "algorithm3\algorithm3.vcxproj", "{BE4F68B1-8976-4FDE-8DCC-3B7A2F7009BD}"
EndProject
Project("{8BC9CEB8-8B4A-11D0-8D11-00A0C91BC942}") = "algorithm_바둑이승차", "바둑이승차\바둑이승차.vcxproj", "{074A3C55-2BF1-4F91-AB5E-1A91CB81409E}"
EndProject
Global
	GlobalSection(SolutionConfigurationPlatforms) = preSolution
		Debug|x64 = Debug|x64
		Debug|x86 = Debug|x86
		Release|x64 = Release|x64
		Release|x86 = Release|x86
	EndGlobalSection
	GlobalSection(ProjectConfigurationPlatforms) = postSolution
		{BB28D2CC-834A-431B-84A1-9A49F807CFE4}.Debug|x64.ActiveCfg = Debug|x64
		{BB28D2CC-834A-431B-84A1-9A49F807CFE4}.Debug|x64.Build.0 = Debug|x64
		{BB28D2CC-834A-431B-84A1-9A49F807CFE4}.Debug|x86.ActiveCfg = Debug|Win32
		{BB28D2CC-834A-431B-84A1-9A49F807CFE4}.Debug|x86.Build.0 = Debug|Win32
		{BB28D2CC-834A-431B-84A1-9A49F807CFE4}.Release|x64.ActiveCfg = Release|x64
		{BB28D2CC-834A-431B-84A1-9A49F807CFE4}.Release|x64.Build.0 = Release|x64
		{BB28D2CC-834A-431B-84A1-9A49F807CFE4}.Release|x86.ActiveCfg = Release|Win32
		{BB28D2CC-834A-431B-84A1-9A49F807CFE4}.Release|x86.Build.0 = Release|Win32
		{B29B5BA1-7B5A-49AA-AE0D-B39530974EBC}.Debug|x64.ActiveCfg = Debug|x64
		{B29B5BA1-7B5A-49AA-AE0D-B39530974EBC}.Debug|x64.Build.0 = Debug|x64
		{B29B5BA1-7B5A-49AA-AE0D-B39530974EBC}.Debug|x86.ActiveCfg = Debug|Win32
		{B29B5BA1-7B5A-49AA-AE0D-B39530974EBC}.Debug|x86.Build.0 = Debug|Win32
		{B29B5BA1-7B5A-49AA-AE0D-B39530974EBC}.Release|x64.ActiveCfg = Release|x64
		{B29B5BA1-7B5A-49AA-AE0D-B39530974EBC}.Release|x64.Build.0 = Release|x64
		{B29B5BA1-7B5A-49AA-AE0D-B39530974EBC}.Release|x86.ActiveCfg = Release|Win32
		{B29B5BA1-7B5A-49AA-AE0D-B39530974EBC}.Release|x86.Build.0 = Release|Win32
		{C65426F9-42E7-4B89-9B9F-F8EB86081E8C}.Debug|x64.ActiveCfg = Debug|x64
		{C65426F9-42E7-4B89-9B9F-F8EB86081E8C}.Debug|x64.Build.0 = Debug|x64
		{C65426F9-42E7-4B89-9B9F-F8EB86081E8C}.Debug|x86.ActiveCfg = Debug|Win32
		{C65426F9-42E7-4B89-9B9F-F8EB86081E8C}.Debug|x86.Build.0 = Debug|Win32
		{C65426F9-42E7-4B89-9B9F-F8EB86081E8C}.Release|x64.ActiveCfg = Release|x64
		{C65426F9-42E7-4B89-9B9F-F8EB86081E8C}.Release|x64.Build.0 = Release|x64
		{C65426F9-42E7-4B89-9B9F-F8EB86081E8C}.Release|x86.ActiveCfg = Release|Win32
		{C65426F9-42E7-4B89-9B9F-F8EB86081E8C}.Release|x86.Build.0 = Release|Win32
		{E3C7EB31-A313-4719-8712-C9ED2DE95E27}.Debug|x64.ActiveCfg = Debug|x64
		{E3C7EB31-A313-4719-8712-C9ED2DE95E27}.Debug|x64.Build.0 = Debug|x64
		{E3C7EB31-A313-4719-8712-C9ED2DE95E27}.Debug|x86.ActiveCfg = Debug|Win32
		{E3C7EB31-A313-4719-8712-C9ED2DE95E27}.Debug|x86.Build.0 = Debug|Win32
		{E3C7EB31-A313-4719-8712-C9ED2DE95E27}.Release|x64.ActiveCfg = Release|x64
		{E3C7EB31-A313-4719-8712-C9ED2DE95E27}.Release|x64.Build.0 = Release|x64
		{E3C7EB31-A313-4719-8712-C9ED2DE95E27}.Release|x86.ActiveCfg = Release|Win32
		{E3C7EB31-A313-4719-8712-C9ED2DE95E27}.Release|x86.Build.0 = Release|Win32
		{E05401BE-1593-4665-94DA-FC21647499CC}.Debug|x64.ActiveCfg = Debug|x64
		{E05401BE-1593-4665-94DA-FC21647499CC}.Debug|x64.Build.0 = Debug|x64
		{E05401BE-1593-4665-94DA-FC21647499CC}.Debug|x86.ActiveCfg = Debug|Win32
		{E05401BE-1593-4665-94DA-FC21647499CC}.Debug|x86.Build.0 = Debug|Win32
		{E05401BE-1593-4665-94DA-FC21647499CC}.Release|x64.ActiveCfg = Release|x64
		{E05401BE-1593-4665-94DA-FC21647499CC}.Release|x64.Build.0 = Release|x64
		{E05401BE-1593-4665-94DA-FC21647499CC}.Release|x86.ActiveCfg = Release|Win32
		{E05401BE-1593-4665-94DA-FC21647499CC}.Release|x86.Build.0 = Release|Win32
		{E5869DFE-0600-487F-BDB1-CE613FB58F98}.Debug|x64.ActiveCfg = Debug|x64
		{E5869DFE-0600-487F-BDB1-CE613FB58F98}.Debug|x64.Build.0 = Debug|x64
		{E5869DFE-0600-487F-BDB1-CE613FB58F98}.Debug|x86.ActiveCfg = Debug|Win32
		{E5869DFE-0600-487F-BDB1-CE613FB58F98}.Debug|x86.Build.0 = Debug|Win32
		{E5869DFE-0600-487F-BDB1-CE613FB58F98}.Release|x64.ActiveCfg = Release|x64
		{E5869DFE-0600-487F-BDB1-CE613FB58F98}.Release|x64.Build.0 = Release|x64
		{E5869DFE-0600-487F-BDB1-CE613FB58F98}.Release|x86.ActiveCfg = Release|Win32
		{E5869DFE-0600-487F-BDB1-CE613FB58F98}.Release|x86.Build.0 = Release|Win32
		{81F77710-402E-4B86-A1A1-E2962A34FDDD}.Debug|x64.ActiveCfg = Debug|x64
		{81F77710-402E-4B86-A1A1-E2962A34FDDD}.Debug|x64.Build.0 = Debug|x64
		{81F77710-402E-4B86-A1A1-E2962A34FDDD}.Debug|x86.ActiveCfg = Debug|Win32
		{81F77710-402E-4B86-A1A1-E2962A34FDDD}.Debug|x86.Build.0 = Debug|Win32
		{81F77710-402E-4B86-A1A1-E2962A34FDDD}.Release|x64.ActiveCfg = Release|x64
		{81F77710-402E-4B86-A1A1-E2962A34FDDD}.Release|x64.Build.0 = Release|x64
		{81F77710-402E-4B86-A1A1-E2962A34FDDD}.Release|x86.ActiveCfg = Release|Win32
		{81F77710-402E-4B86-A1A1-E2962A34FDDD}.Release|x86.Build.0 = Release|Win32
		{B45E2000-1D32-48CA-B7D6-2E42B0300A0C}.Debug|x64.ActiveCfg = Debug|x64
		{B45E2000-1D32-48CA-B7D6-2E42B0300A0C}.Debug|x64.Build.0 = Debug|x64
		{B45E2000-1D32-48CA-B7D6-2E42B0300A0C}.Debug|x86.ActiveCfg = Debug|Win32
		{B45E2000-1D32-48CA-B7D6-2E42B0300A0C}.Debug|x86.Build.0 = Debug|Win32
		{B45E2000-1D32-48CA-B7D6-2E42B0300A0C}.Release|x64.ActiveCfg = Release|x64
		{B45E2000-1D32-48CA-B7D6-2E42B0300A0C}.Release|x64.Build.0 = Release|x64
		{B45E2000-1D32-48CA-B7D6-2E42B0300A0C}.Release|x86.ActiveCfg = Release|Win32
		{B45E2000-1D32-48CA-B7D6-2E42B0300A0C}.Release|x86.Build.0 = Release|Win32
		{594BDCAA-FC08-43B1-9ECA-0D879BA28D69}.Debug|x64.ActiveCfg = Debug|x64
		{594BDCAA-FC08-43B1-9ECA-0D879BA28D69}.Debug|x64.Build.0 = Debug|x64
		{594BDCAA-FC08-43B1-9ECA-0D879BA28D69}.Debug|x86.ActiveCfg = Debug|Win32
		{594BDCAA-FC08-43B1-9ECA-0D879BA28D69}.Debug|x86.Build.0 = Debug|Win32
		{594BDCAA-FC08-43B1-9ECA-0D879BA28D69}.Release|x64.ActiveCfg = Release|x64
		{594BDCAA-FC08-43B1-9ECA-0D879BA28D69}.Release|x64.Build.0 = Release|x64
		{594BDCAA-FC08-43B1-9ECA-0D879BA28D69}.Release|x86.ActiveCfg = Release|Win32
		{594BDCAA-FC08-43B1-9ECA-0D879BA28D69}.Release|x86.Build.0 = Release|Win32
		{7F757578-0691-4F31-A962-81232415E8E3}.Debug|x64.ActiveCfg = Debug|x64
		{7F757578-0691-4F31-A962-81232415E8E3}.Debug|x64.Build.0 = Debug|x64
		{7F757578-0691-4F31-A962-81232415E8E3}.Debug|x86.ActiveCfg = Debug|Win32
		{7F757578-0691-4F31-A962-81232415E8E3}.Debug|x86.Build.0 = Debug|Win32
		{7F757578-0691-4F31-A962-81232415E8E3}.Release|x64.ActiveCfg = Release|x64
		{7F757578-0691-4F31-A962-81232415E8E3}.Release|x64.Build.0 = Release|x64
		{7F757578-0691-4F31-A962-81232415E8E3}.Release|x86.ActiveCfg = Release|Win32
		{7F757578-0691-4F31-A962-81232415E8E3}.Release|x86.Build.0 = Release|Win32
		{EFDBAF82-C2C7-4556-9301-68CABB21B8FF}.Debug|x64.ActiveCfg = Debug|x64
		{EFDBAF82-C2C7-4556-9301-68CABB21B8FF}.Debug|x64.Build.0 = Debug|x64
		{EFDBAF82-C2C7-4556-9301-68CABB21B8FF}.Debug|x86.ActiveCfg = Debug|Win32
		{EFDBAF82-C2C7-4556-9301-68CABB21B8FF}.Debug|x86.Build.0 = Debug|Win32
		{EFDBAF82-C2C7-4556-9301-68CABB21B8FF}.Release|x64.ActiveCfg = Release|x64
		{EFDBAF82-C2C7-4556-9301-68CABB21B8FF}.Release|x64.Build.0 = Release|x64
		{EFDBAF82-C2C7-4556-9301-68CABB21B8FF}.Release|x86.ActiveCfg = Release|Win32
		{EFDBAF82-C2C7-4556-9301-68CABB21B8FF}.Release|x86.Build.0 = Release|Win32
		{E597E2D4-DBE7-4D7A-82CF-290DB484B367}.Debug|x64.ActiveCfg = Debug|x64
		{E597E2D4-DBE7-4D7A-82CF-290DB484B367}.Debug|x64.Build.0 = Debug|x64
		{E597E2D4-DBE7-4D7A-82CF-290DB484B367}.Debug|x86.ActiveCfg = Debug|Win32
		{E597E2D4-DBE7-4D7A-82CF-290DB484B367}.Debug|x86.Build.0 = Debug|Win32
		{E597E2D4-DBE7-4D7A-82CF-290DB484B367}.Release|x64.ActiveCfg = Release|x64
		{E597E2D4-DBE7-4D7A-82CF-290DB484B367}.Release|x64.Build.0 = Release|x64
		{E597E2D4-DBE7-4D7A-82CF-290DB484B367}.Release|x86.ActiveCfg = Release|Win32
		{E597E2D4-DBE7-4D7A-82CF-290DB484B367}.Release|x86.Build.0 = Release|Win32
		{29952283-B893-4D3A-9796-F794C0943E5B}.Debug|x64.ActiveCfg = Debug|x64
		{29952283-B893-4D3A-9796-F794C0943E5B}.Debug|x64.Build.0 = Debug|x64
		{29952283-B893-4D3A-9796-F794C0943E5B}.Debug|x86.ActiveCfg = Debug|Win32
		{29952283-B893-4D3A-9796-F794C0943E5B}.Debug|x86.Build.0 = Debug|Win32
		{29952283-B893-4D3A-9796-F794C0943E5B}.Release|x64.ActiveCfg = Release|x64
		{29952283-B893-4D3A-9796-F794C0943E5B}.Release|x64.Build.0 = Release|x64
		{29952283-B893-4D3A-9796-F794C0943E5B}.Release|x86.ActiveCfg = Release|Win32
		{29952283-B893-4D3A-9796-F794C0943E5B}.Release|x86.Build.0 = Release|Win32
		{C868C6F6-24CD-4E4A-897F-4CC97283EF9C}.Debug|x64.ActiveCfg = Debug|x64
		{C868C6F6-24CD-4E4A-897F-4CC97283EF9C}.Debug|x64.Build.0 = Debug|x64
		{C868C6F6-24CD-4E4A-897F-4CC97283EF9C}.Debug|x86.ActiveCfg = Debug|Win32
		{C868C6F6-24CD-4E4A-897F-4CC97283EF9C}.Debug|x86.Build.0 = Debug|Win32
		{C868C6F6-24CD-4E4A-897F-4CC97283EF9C}.Release|x64.ActiveCfg = Release|x64
		{C868C6F6-24CD-4E4A-897F-4CC97283EF9C}.Release|x64.Build.0 = Release|x64
		{C868C6F6-24CD-4E4A-897F-4CC97283EF9C}.Release|x86.ActiveCfg = Release|Win32
		{C868C6F6-24CD-4E4A-897F-4CC97283EF9C}.Release|x86.Build.0 = Release|Win32
		{EFB39F5E-9CB1-4EC4-8CEA-A4439EB172DB}.Debug|x64.ActiveCfg = Debug|x64
		{EFB39F5E-9CB1-4EC4-8CEA-A4439EB172DB}.Debug|x64.Build.0 = Debug|x64
		{EFB39F5E-9CB1-4EC4-8CEA-A4439EB172DB}.Debug|x86.ActiveCfg = Debug|Win32
		{EFB39F5E-9CB1-4EC4-8CEA-A4439EB172DB}.Debug|x86.Build.0 = Debug|Win32
		{EFB39F5E-9CB1-4EC4-8CEA-A4439EB172DB}.Release|x64.ActiveCfg = Release|x64
		{EFB39F5E-9CB1-4EC4-8CEA-A4439EB172DB}.Release|x64.Build.0 = Release|x64
		{EFB39F5E-9CB1-4EC4-8CEA-A4439EB172DB}.Release|x86.ActiveCfg = Release|Win32
		{EFB39F5E-9CB1-4EC4-8CEA-A4439EB172DB}.Release|x86.Build.0 = Release|Win32
		{9E20759B-540A-40BA-9FF6-4F59B04A0B30}.Debug|x64.ActiveCfg = Debug|x64
		{9E20759B-540A-40BA-9FF6-4F59B04A0B30}.Debug|x64.Build.0 = Debug|x64
		{9E20759B-540A-40BA-9FF6-4F59B04A0B30}.Debug|x86.ActiveCfg = Debug|Win32
		{9E20759B-540A-40BA-9FF6-4F59B04A0B30}.Debug|x86.Build.0 = Debug|Win32
		{9E20759B-540A-40BA-9FF6-4F59B04A0B30}.Release|x64.ActiveCfg = Release|x64
		{9E20759B-540A-40BA-9FF6-4F59B04A0B30}.Release|x64.Build.0 = Release|x64
		{9E20759B-540A-40BA-9FF6-4F59B04A0B30}.Release|x86.ActiveCfg = Release|Win32
		{9E20759B-540A-40BA-9FF6-4F59B04A0B30}.Release|x86.Build.0 = Release|Win32
		{99FA406A-FBAC-4225-8D12-C15A82778D7F}.Debug|x64.ActiveCfg = Debug|x64
		{99FA406A-FBAC-4225-8D12-C15A82778D7F}.Debug|x64.Build.0 = Debug|x64
		{99FA406A-FBAC-4225-8D12-C15A82778D7F}.Debug|x86.ActiveCfg = Debug|Win32
		{99FA406A-FBAC-4225-8D12-C15A82778D7F}.Debug|x86.Build.0 = Debug|Win32
		{99FA406A-FBAC-4225-8D12-C15A82778D7F}.Release|x64.ActiveCfg = Release|x64
		{99FA406A-FBAC-4225-8D12-C15A82778D7F}.Release|x64.Build.0 = Release|x64
		{99FA406A-FBAC-4225-8D12-C15A82778D7F}.Release|x86.ActiveCfg = Release|Win32
		{99FA406A-FBAC-4225-8D12-C15A82778D7F}.Release|x86.Build.0 = Release|Win32
		{D5420346-EFBD-4DDE-AFD1-471E490B625C}.Debug|x64.ActiveCfg = Debug|x64
		{D5420346-EFBD-4DDE-AFD1-471E490B625C}.Debug|x64.Build.0 = Debug|x64
		{D5420346-EFBD-4DDE-AFD1-471E490B625C}.Debug|x86.ActiveCfg = Debug|Win32
		{D5420346-EFBD-4DDE-AFD1-471E490B625C}.Debug|x86.Build.0 = Debug|Win32
		{D5420346-EFBD-4DDE-AFD1-471E490B625C}.Release|x64.ActiveCfg = Release|x64
		{D5420346-EFBD-4DDE-AFD1-471E490B625C}.Release|x64.Build.0 = Release|x64
		{D5420346-EFBD-4DDE-AFD1-471E490B625C}.Release|x86.ActiveCfg = Release|Win32
		{D5420346-EFBD-4DDE-AFD1-471E490B625C}.Release|x86.Build.0 = Release|Win32
		{3442270F-4733-40A3-97DF-2B75912988AC}.Debug|x64.ActiveCfg = Debug|x64
		{3442270F-4733-40A3-97DF-2B75912988AC}.Debug|x64.Build.0 = Debug|x64
		{3442270F-4733-40A3-97DF-2B75912988AC}.Debug|x86.ActiveCfg = Debug|Win32
		{3442270F-4733-40A3-97DF-2B75912988AC}.Debug|x86.Build.0 = Debug|Win32
		{3442270F-4733-40A3-97DF-2B75912988AC}.Release|x64.ActiveCfg = Release|x64
		{3442270F-4733-40A3-97DF-2B75912988AC}.Release|x64.Build.0 = Release|x64
		{3442270F-4733-40A3-97DF-2B75912988AC}.Release|x86.ActiveCfg = Release|Win32
		{3442270F-4733-40A3-97DF-2B75912988AC}.Release|x86.Build.0 = Release|Win32
		{C3905431-1BCF-474B-8F68-F54227827F53}.Debug|x64.ActiveCfg = Debug|x64
		{C3905431-1BCF-474B-8F68-F54227827F53}.Debug|x64.Build.0 = Debug|x64
		{C3905431-1BCF-474B-8F68-F54227827F53}.Debug|x86.ActiveCfg = Debug|Win32
		{C3905431-1BCF-474B-8F68-F54227827F53}.Debug|x86.Build.0 = Debug|Win32
		{C3905431-1BCF-474B-8F68-F54227827F53}.Release|x64.ActiveCfg = Release|x64
		{C3905431-1BCF-474B-8F68-F54227827F53}.Release|x64.Build.0 = Release|x64
		{C3905431-1BCF-474B-8F68-F54227827F53}.Release|x86.ActiveCfg = Release|Win32
		{C3905431-1BCF-474B-8F68-F54227827F53}.Release|x86.Build.0 = Release|Win32
		{9712D490-319D-44E2-86AA-EA1AC78EDFFA}.Debug|x64.ActiveCfg = Debug|x64
		{9712D490-319D-44E2-86AA-EA1AC78EDFFA}.Debug|x64.Build.0 = Debug|x64
		{9712D490-319D-44E2-86AA-EA1AC78EDFFA}.Debug|x86.ActiveCfg = Debug|Win32
		{9712D490-319D-44E2-86AA-EA1AC78EDFFA}.Debug|x86.Build.0 = Debug|Win32
		{9712D490-319D-44E2-86AA-EA1AC78EDFFA}.Release|x64.ActiveCfg = Release|x64
		{9712D490-319D-44E2-86AA-EA1AC78EDFFA}.Release|x64.Build.0 = Release|x64
		{9712D490-319D-44E2-86AA-EA1AC78EDFFA}.Release|x86.ActiveCfg = Release|Win32
		{9712D490-319D-44E2-86AA-EA1AC78EDFFA}.Release|x86.Build.0 = Release|Win32
		{6394B715-DBAF-4484-A3E6-08CFFF1BADEC}.Debug|x64.ActiveCfg = Debug|x64
		{6394B715-DBAF-4484-A3E6-08CFFF1BADEC}.Debug|x64.Build.0 = Debug|x64
		{6394B715-DBAF-4484-A3E6-08CFFF1BADEC}.Debug|x86.ActiveCfg = Debug|Win32
		{6394B715-DBAF-4484-A3E6-08CFFF1BADEC}.Debug|x86.Build.0 = Debug|Win32
		{6394B715-DBAF-4484-A3E6-08CFFF1BADEC}.Release|x64.ActiveCfg = Release|x64
		{6394B715-DBAF-4484-A3E6-08CFFF1BADEC}.Release|x64.Build.0 = Release|x64
		{6394B715-DBAF-4484-A3E6-08CFFF1BADEC}.Release|x86.ActiveCfg = Release|Win32
		{6394B715-DBAF-4484-A3E6-08CFFF1BADEC}.Release|x86.Build.0 = Release|Win32
		{62705C0C-3BA4-455B-889F-91D532913538}.Debug|x64.ActiveCfg = Debug|x64
		{62705C0C-3BA4-455B-889F-91D532913538}.Debug|x64.Build.0 = Debug|x64
		{62705C0C-3BA4-455B-889F-91D532913538}.Debug|x86.ActiveCfg = Debug|Win32
		{62705C0C-3BA4-455B-889F-91D532913538}.Debug|x86.Build.0 = Debug|Win32
		{62705C0C-3BA4-455B-889F-91D532913538}.Release|x64.ActiveCfg = Release|x64
		{62705C0C-3BA4-455B-889F-91D532913538}.Release|x64.Build.0 = Release|x64
		{62705C0C-3BA4-455B-889F-91D532913538}.Release|x86.ActiveCfg = Release|Win32
		{62705C0C-3BA4-455B-889F-91D532913538}.Release|x86.Build.0 = Release|Win32
		{51EB68E8-4EED-404D-ABD9-A7750F1A123C}.Debug|x64.ActiveCfg = Debug|x64
		{51EB68E8-4EED-404D-ABD9-A7750F1A123C}.Debug|x64.Build.0 = Debug|x64
		{51EB68E8-4EED-404D-ABD9-A7750F1A123C}.Debug|x86.ActiveCfg = Debug|Win32
		{51EB68E8-4EED-404D-ABD9-A7750F1A123C}.Debug|x86.Build.0 = Debug|Win32
		{51EB68E8-4EED-404D-ABD9-A7750F1A123C}.Release|x64.ActiveCfg = Release|x64
		{51EB68E8-4EED-404D-ABD9-A7750F1A123C}.Release|x64.Build.0 = Release|x64
		{51EB68E8-4EED-404D-ABD9-A7750F1A123C}.Release|x86.ActiveCfg = Release|Win32
		{51EB68E8-4EED-404D-ABD9-A7750F1A123C}.Release|x86.Build.0 = Release|Win32
		{82171D3D-D2F9-43F6-94C4-C7092E4FCF39}.Debug|x64.ActiveCfg = Debug|x64
		{82171D3D-D2F9-43F6-94C4-C7092E4FCF39}.Debug|x64.Build.0 = Debug|x64
		{82171D3D-D2F9-43F6-94C4-C7092E4FCF39}.Debug|x86.ActiveCfg = Debug|Win32
		{82171D3D-D2F9-43F6-94C4-C7092E4FCF39}.Debug|x86.Build.0 = Debug|Win32
		{82171D3D-D2F9-43F6-94C4-C7092E4FCF39}.Release|x64.ActiveCfg = Release|x64
		{82171D3D-D2F9-43F6-94C4-C7092E4FCF39}.Release|x64.Build.0 = Release|x64
		{82171D3D-D2F9-43F6-94C4-C7092E4FCF39}.Release|x86.ActiveCfg = Release|Win32
		{82171D3D-D2F9-43F6-94C4-C7092E4FCF39}.Release|x86.Build.0 = Release|Win32
		{4FC3F3D6-DC37-4450-920B-FAC842043E11}.Debug|x64.ActiveCfg = Debug|x64
		{4FC3F3D6-DC37-4450-920B-FAC842043E11}.Debug|x64.Build.0 = Debug|x64
		{4FC3F3D6-DC37-4450-920B-FAC842043E11}.Debug|x86.ActiveCfg = Debug|Win32
		{4FC3F3D6-DC37-4450-920B-FAC842043E11}.Debug|x86.Build.0 = Debug|Win32
		{4FC3F3D6-DC37-4450-920B-FAC842043E11}.Release|x64.ActiveCfg = Release|x64
		{4FC3F3D6-DC37-4450-920B-FAC842043E11}.Release|x64.Build.0 = Release|x64
		{4FC3F3D6-DC37-4450-920B-FAC842043E11}.Release|x86.ActiveCfg = Release|Win32
		{4FC3F3D6-DC37-4450-920B-FAC842043E11}.Release|x86.Build.0 = Release|Win32
		{06D3ECBF-3F0B-4BC4-A9A8-928D00FE6AA4}.Debug|x64.ActiveCfg = Debug|x64
		{06D3ECBF-3F0B-4BC4-A9A8-928D00FE6AA4}.Debug|x64.Build.0 = Debug|x64
		{06D3ECBF-3F0B-4BC4-A9A8-928D00FE6AA4}.Debug|x86.ActiveCfg = Debug|Win32
		{06D3ECBF-3F0B-4BC4-A9A8-928D00FE6AA4}.Debug|x86.Build.0 = Debug|Win32
		{06D3ECBF-3F0B-4BC4-A9A8-928D00FE6AA4}.Release|x64.ActiveCfg = Release|x64
		{06D3ECBF-3F0B-4BC4-A9A8-928D00FE6AA4}.Release|x64.Build.0 = Release|x64
		{06D3ECBF-3F0B-4BC4-A9A8-928D00FE6AA4}.Release|x86.ActiveCfg = Release|Win32
		{06D3ECBF-3F0B-4BC4-A9A8-928D00FE6AA4}.Release|x86.Build.0 = Release|Win32
		{A5A2AAC3-6F65-4EDB-8014-CFFF128E6C07}.Debug|x64.ActiveCfg = Debug|x64
		{A5A2AAC3-6F65-4EDB-8014-CFFF128E6C07}.Debug|x64.Build.0 = Debug|x64
		{A5A2AAC3-6F65-4EDB-8014-CFFF128E6C07}.Debug|x86.ActiveCfg = Debug|Win32
		{A5A2AAC3-6F65-4EDB-8014-CFFF128E6C07}.Debug|x86.Build.0 = Debug|Win32
		{A5A2AAC3-6F65-4EDB-8014-CFFF128E6C07}.Release|x64.ActiveCfg = Release|x64
		{A5A2AAC3-6F65-4EDB-8014-CFFF128E6C07}.Release|x64.Build.0 = Release|x64
		{A5A2AAC3-6F65-4EDB-8014-CFFF128E6C07}.Release|x86.ActiveCfg = Release|Win32
		{A5A2AAC3-6F65-4EDB-8014-CFFF128E6C07}.Release|x86.Build.0 = Release|Win32
		{EC6D25B4-DDD6-4620-BBD5-64E72D3A42AE}.Debug|x64.ActiveCfg = Debug|x64
		{EC6D25B4-DDD6-4620-BBD5-64E72D3A42AE}.Debug|x64.Build.0 = Debug|x64
		{EC6D25B4-DDD6-4620-BBD5-64E72D3A42AE}.Debug|x86.ActiveCfg = Debug|Win32
		{EC6D25B4-DDD6-4620-BBD5-64E72D3A42AE}.Debug|x86.Build.0 = Debug|Win32
		{EC6D25B4-DDD6-4620-BBD5-64E72D3A42AE}.Release|x64.ActiveCfg = Release|x64
		{EC6D25B4-DDD6-4620-BBD5-64E72D3A42AE}.Release|x64.Build.0 = Release|x64
		{EC6D25B4-DDD6-4620-BBD5-64E72D3A42AE}.Release|x86.ActiveCfg = Release|Win32
		{EC6D25B4-DDD6-4620-BBD5-64E72D3A42AE}.Release|x86.Build.0 = Release|Win32
		{0164F5CD-37C7-46E4-B77E-5FF532D97234}.Debug|x64.ActiveCfg = Debug|x64
		{0164F5CD-37C7-46E4-B77E-5FF532D97234}.Debug|x64.Build.0 = Debug|x64
		{0164F5CD-37C7-46E4-B77E-5FF532D97234}.Debug|x86.ActiveCfg = Debug|Win32
		{0164F5CD-37C7-46E4-B77E-5FF532D97234}.Debug|x86.Build.0 = Debug|Win32
		{0164F5CD-37C7-46E4-B77E-5FF532D97234}.Release|x64.ActiveCfg = Release|x64
		{0164F5CD-37C7-46E4-B77E-5FF532D97234}.Release|x64.Build.0 = Release|x64
		{0164F5CD-37C7-46E4-B77E-5FF532D97234}.Release|x86.ActiveCfg = Release|Win32
		{0164F5CD-37C7-46E4-B77E-5FF532D97234}.Release|x86.Build.0 = Release|Win32
		{FA504B46-2DB0-4792-B0C0-42A604CF245E}.Debug|x64.ActiveCfg = Debug|x64
		{FA504B46-2DB0-4792-B0C0-42A604CF245E}.Debug|x64.Build.0 = Debug|x64
		{FA504B46-2DB0-4792-B0C0-42A604CF245E}.Debug|x86.ActiveCfg = Debug|Win32
		{FA504B46-2DB0-4792-B0C0-42A604CF245E}.Debug|x86.Build.0 = Debug|Win32
		{FA504B46-2DB0-4792-B0C0-42A604CF245E}.Release|x64.ActiveCfg = Release|x64
		{FA504B46-2DB0-4792-B0C0-42A604CF245E}.Release|x64.Build.0 = Release|x64
		{FA504B46-2DB0-4792-B0C0-42A604CF245E}.Release|x86.ActiveCfg = Release|Win32
		{FA504B46-2DB0-4792-B0C0-42A604CF245E}.Release|x86.Build.0 = Release|Win32
		{373F56D0-6B6A-4A75-A96A-A835E0E0BACB}.Debug|x64.ActiveCfg = Debug|x64
		{373F56D0-6B6A-4A75-A96A-A835E0E0BACB}.Debug|x64.Build.0 = Debug|x64
		{373F56D0-6B6A-4A75-A96A-A835E0E0BACB}.Debug|x86.ActiveCfg = Debug|Win32
		{373F56D0-6B6A-4A75-A96A-A835E0E0BACB}.Debug|x86.Build.0 = Debug|Win32
		{373F56D0-6B6A-4A75-A96A-A835E0E0BACB}.Release|x64.ActiveCfg = Release|x64
		{373F56D0-6B6A-4A75-A96A-A835E0E0BACB}.Release|x64.Build.0 = Release|x64
		{373F56D0-6B6A-4A75-A96A-A835E0E0BACB}.Release|x86.ActiveCfg = Release|Win32
		{373F56D0-6B6A-4A75-A96A-A835E0E0BACB}.Release|x86.Build.0 = Release|Win32
		{4749B925-AA19-4A1A-B7E6-7D7380DC300D}.Debug|x64.ActiveCfg = Debug|x64
		{4749B925-AA19-4A1A-B7E6-7D7380DC300D}.Debug|x64.Build.0 = Debug|x64
		{4749B925-AA19-4A1A-B7E6-7D7380DC300D}.Debug|x86.ActiveCfg = Debug|Win32
		{4749B925-AA19-4A1A-B7E6-7D7380DC300D}.Debug|x86.Build.0 = Debug|Win32
		{4749B925-AA19-4A1A-B7E6-7D7380DC300D}.Release|x64.ActiveCfg = Release|x64
		{4749B925-AA19-4A1A-B7E6-7D7380DC300D}.Release|x64.Build.0 = Release|x64
		{4749B925-AA19-4A1A-B7E6-7D7380DC300D}.Release|x86.ActiveCfg = Release|Win32
		{4749B925-AA19-4A1A-B7E6-7D7380DC300D}.Release|x86.Build.0 = Release|Win32
		{9CEA435A-1E06-4DE6-A465-815F1F43ABDD}.Debug|x64.ActiveCfg = Debug|x64
		{9CEA435A-1E06-4DE6-A465-815F1F43ABDD}.Debug|x64.Build.0 = Debug|x64
		{9CEA435A-1E06-4DE6-A465-815F1F43ABDD}.Debug|x86.ActiveCfg = Debug|Win32
		{9CEA435A-1E06-4DE6-A465-815F1F43ABDD}.Debug|x86.Build.0 = Debug|Win32
		{9CEA435A-1E06-4DE6-A465-815F1F43ABDD}.Release|x64.ActiveCfg = Release|x64
		{9CEA435A-1E06-4DE6-A465-815F1F43ABDD}.Release|x64.Build.0 = Release|x64
		{9CEA435A-1E06-4DE6-A465-815F1F43ABDD}.Release|x86.ActiveCfg = Release|Win32
		{9CEA435A-1E06-4DE6-A465-815F1F43ABDD}.Release|x86.Build.0 = Release|Win32
		{9AD66917-DEF7-48DD-98EA-CB6048E7D094}.Debug|x64.ActiveCfg = Debug|x64
		{9AD66917-DEF7-48DD-98EA-CB6048E7D094}.Debug|x64.Build.0 = Debug|x64
		{9AD66917-DEF7-48DD-98EA-CB6048E7D094}.Debug|x86.ActiveCfg = Debug|Win32
		{9AD66917-DEF7-48DD-98EA-CB6048E7D094}.Debug|x86.Build.0 = Debug|Win32
		{9AD66917-DEF7-48DD-98EA-CB6048E7D094}.Release|x64.ActiveCfg = Release|x64
		{9AD66917-DEF7-48DD-98EA-CB6048E7D094}.Release|x64.Build.0 = Release|x64
		{9AD66917-DEF7-48DD-98EA-CB6048E7D094}.Release|x86.ActiveCfg = Release|Win32
		{9AD66917-DEF7-48DD-98EA-CB6048E7D094}.Release|x86.Build.0 = Release|Win32
		{D6C567AD-479C-46B9-8790-D211609ED79B}.Debug|x64.ActiveCfg = Debug|x64
		{D6C567AD-479C-46B9-8790-D211609ED79B}.Debug|x64.Build.0 = Debug|x64
		{D6C567AD-479C-46B9-8790-D211609ED79B}.Debug|x86.ActiveCfg = Debug|Win32
		{D6C567AD-479C-46B9-8790-D211609ED79B}.Debug|x86.Build.0 = Debug|Win32
		{D6C567AD-479C-46B9-8790-D211609ED79B}.Release|x64.ActiveCfg = Release|x64
		{D6C567AD-479C-46B9-8790-D211609ED79B}.Release|x64.Build.0 = Release|x64
		{D6C567AD-479C-46B9-8790-D211609ED79B}.Release|x86.ActiveCfg = Release|Win32
		{D6C567AD-479C-46B9-8790-D211609ED79B}.Release|x86.Build.0 = Release|Win32
		{7D8EAB72-4E4A-4823-A542-C666DF235B57}.Debug|x64.ActiveCfg = Debug|x64
		{7D8EAB72-4E4A-4823-A542-C666DF235B57}.Debug|x64.Build.0 = Debug|x64
		{7D8EAB72-4E4A-4823-A542-C666DF235B57}.Debug|x86.ActiveCfg = Debug|Win32
		{7D8EAB72-4E4A-4823-A542-C666DF235B57}.Debug|x86.Build.0 = Debug|Win32
		{7D8EAB72-4E4A-4823-A542-C666DF235B57}.Release|x64.ActiveCfg = Release|x64
		{7D8EAB72-4E4A-4823-A542-C666DF235B57}.Release|x64.Build.0 = Release|x64
		{7D8EAB72-4E4A-4823-A542-C666DF235B57}.Release|x86.ActiveCfg = Release|Win32
		{7D8EAB72-4E4A-4823-A542-C666DF235B57}.Release|x86.Build.0 = Release|Win32
		{BE4F68B1-8976-4FDE-8DCC-3B7A2F7009BD}.Debug|x64.ActiveCfg = Debug|x64
		{BE4F68B1-8976-4FDE-8DCC-3B7A2F7009BD}.Debug|x64.Build.0 = Debug|x64
		{BE4F68B1-8976-4FDE-8DCC-3B7A2F7009BD}.Debug|x86.ActiveCfg = Debug|Win32
		{BE4F68B1-8976-4FDE-8DCC-3B7A2F7009BD}.Debug|x86.Build.0 = Debug|Win32
		{BE4F68B1-8976-4FDE-8DCC-3B7A2F7009BD}.Release|x64.ActiveCfg = Release|x64
		{BE4F68B1-8976-4FDE-8DCC-3B7A2F7009BD}.Release|x64.Build.0 = Release|x64
		{BE4F68B1-8976-4FDE-8DCC-3B7A2F7009BD}.Release|x86.ActiveCfg = Release|Win32
		{BE4F68B1-8976-4FDE-8DCC-3B7A2F7009BD}.Release|x86.Build.0 = Release|Win32
		{074A3C55-2BF1-4F91-AB5E-1A91CB81409E}.Debug|x64.ActiveCfg = Debug|x64
		{074A3C55-2BF1-4F91-AB5E-1A91CB81409E}.Debug|x64.Build.0 = Debug|x64
		{074A3C55-2BF1-4F91-AB5E-1A91CB81409E}.Debug|x86.ActiveCfg = Debug|Win32
		{074A3C55-2BF1-4F91-AB5E-1A91CB81409E}.Debug|x86.Build.0 = Debug|Win32
		{074A3C55-2BF1-4F91-AB5E-1A91CB81409E}.Release|x64.ActiveCfg = Release|x64
		{074A3C55-2BF1-4F91-AB5E-1A91CB81409E}.Release|x64.Build.0 = Release|x64
		{074A3C55-2BF1-4F91-AB5E-1A91CB81409E}.Release|x86.ActiveCfg = Release|Win32
		{074A3C55-2BF1-4F91-AB5E-1A91CB81409E}.Release|x86.Build.0 = Release|Win32
	EndGlobalSection
	GlobalSection(SolutionProperties) = preSolution
		HideSolutionNode = FALSE
	EndGlobalSection
	GlobalSection(ExtensibilityGlobals) = postSolution
		SolutionGuid = {BC6A5869-C9EF-43FA-93D7-4203BD403303}
	EndGlobalSection
EndGlobal
