
Microsoft Visual Studio Solution File, Format Version 12.00
# Visual Studio Version 17
VisualStudioVersion = 17.2.32602.215
MinimumVisualStudioVersion = 10.0.40219.1
Project("{8BC9CEB8-8B4A-11D0-8D11-00A0C91BC942}") = "opp", "opp\opp.vcxproj", "{F328BAC4-134A-42C5-B3A8-E4D626186E80}"
EndProject
Project("{8BC9CEB8-8B4A-11D0-8D11-00A0C91BC942}") = "opp_class_basic", "opp_class_basic\opp_class_basic.vcxproj", "{8B9A526E-BA5C-4C4A-9137-AB175C4762C1}"
EndProject
Project("{8BC9CEB8-8B4A-11D0-8D11-00A0C91BC942}") = "opp_class_basic_second", "opp_syntax_basic_second\opp_syntax_basic_second.vcxproj", "{723EF7F3-CC2C-42EB-8F3F-55DBB612E425}"
EndProject
Project("{8BC9CEB8-8B4A-11D0-8D11-00A0C91BC942}") = "opp_pg", "opp_pg\opp_pg.vcxproj", "{DADEF2BE-FC8F-49EC-8079-1CF851EFFD56}"
EndProject
Project("{8BC9CEB8-8B4A-11D0-8D11-00A0C91BC942}") = "opp_operator_overloading_second", "opp_operator_overloading_second\opp_operator_overloading_second.vcxproj", "{BBEB4E96-A63E-411F-B3D9-39CA50E97241}"
EndProject
Project("{8BC9CEB8-8B4A-11D0-8D11-00A0C91BC942}") = "cpp_operator_overloading_first", "cpp_operator_overloading_first\cpp_operator_overloading_first.vcxproj", "{8CC9FEEB-2615-4FEB-BEC8-A88003DAA634}"
EndProject
Global
	GlobalSection(SolutionConfigurationPlatforms) = preSolution
		Debug|x64 = Debug|x64
		Debug|x86 = Debug|x86
		Release|x64 = Release|x64
		Release|x86 = Release|x86
	EndGlobalSection
	GlobalSection(ProjectConfigurationPlatforms) = postSolution
		{F328BAC4-134A-42C5-B3A8-E4D626186E80}.Debug|x64.ActiveCfg = Debug|x64
		{F328BAC4-134A-42C5-B3A8-E4D626186E80}.Debug|x64.Build.0 = Debug|x64
		{F328BAC4-134A-42C5-B3A8-E4D626186E80}.Debug|x86.ActiveCfg = Debug|Win32
		{F328BAC4-134A-42C5-B3A8-E4D626186E80}.Debug|x86.Build.0 = Debug|Win32
		{F328BAC4-134A-42C5-B3A8-E4D626186E80}.Release|x64.ActiveCfg = Release|x64
		{F328BAC4-134A-42C5-B3A8-E4D626186E80}.Release|x64.Build.0 = Release|x64
		{F328BAC4-134A-42C5-B3A8-E4D626186E80}.Release|x86.ActiveCfg = Release|Win32
		{F328BAC4-134A-42C5-B3A8-E4D626186E80}.Release|x86.Build.0 = Release|Win32
		{8B9A526E-BA5C-4C4A-9137-AB175C4762C1}.Debug|x64.ActiveCfg = Debug|x64
		{8B9A526E-BA5C-4C4A-9137-AB175C4762C1}.Debug|x64.Build.0 = Debug|x64
		{8B9A526E-BA5C-4C4A-9137-AB175C4762C1}.Debug|x86.ActiveCfg = Debug|Win32
		{8B9A526E-BA5C-4C4A-9137-AB175C4762C1}.Debug|x86.Build.0 = Debug|Win32
		{8B9A526E-BA5C-4C4A-9137-AB175C4762C1}.Release|x64.ActiveCfg = Release|x64
		{8B9A526E-BA5C-4C4A-9137-AB175C4762C1}.Release|x64.Build.0 = Release|x64
		{8B9A526E-BA5C-4C4A-9137-AB175C4762C1}.Release|x86.ActiveCfg = Release|Win32
		{8B9A526E-BA5C-4C4A-9137-AB175C4762C1}.Release|x86.Build.0 = Release|Win32
		{723EF7F3-CC2C-42EB-8F3F-55DBB612E425}.Debug|x64.ActiveCfg = Debug|x64
		{723EF7F3-CC2C-42EB-8F3F-55DBB612E425}.Debug|x64.Build.0 = Debug|x64
		{723EF7F3-CC2C-42EB-8F3F-55DBB612E425}.Debug|x86.ActiveCfg = Debug|Win32
		{723EF7F3-CC2C-42EB-8F3F-55DBB612E425}.Debug|x86.Build.0 = Debug|Win32
		{723EF7F3-CC2C-42EB-8F3F-55DBB612E425}.Release|x64.ActiveCfg = Release|x64
		{723EF7F3-CC2C-42EB-8F3F-55DBB612E425}.Release|x64.Build.0 = Release|x64
		{723EF7F3-CC2C-42EB-8F3F-55DBB612E425}.Release|x86.ActiveCfg = Release|Win32
		{723EF7F3-CC2C-42EB-8F3F-55DBB612E425}.Release|x86.Build.0 = Release|Win32
		{DADEF2BE-FC8F-49EC-8079-1CF851EFFD56}.Debug|x64.ActiveCfg = Debug|x64
		{DADEF2BE-FC8F-49EC-8079-1CF851EFFD56}.Debug|x64.Build.0 = Debug|x64
		{DADEF2BE-FC8F-49EC-8079-1CF851EFFD56}.Debug|x86.ActiveCfg = Debug|Win32
		{DADEF2BE-FC8F-49EC-8079-1CF851EFFD56}.Debug|x86.Build.0 = Debug|Win32
		{DADEF2BE-FC8F-49EC-8079-1CF851EFFD56}.Release|x64.ActiveCfg = Release|x64
		{DADEF2BE-FC8F-49EC-8079-1CF851EFFD56}.Release|x64.Build.0 = Release|x64
		{DADEF2BE-FC8F-49EC-8079-1CF851EFFD56}.Release|x86.ActiveCfg = Release|Win32
		{DADEF2BE-FC8F-49EC-8079-1CF851EFFD56}.Release|x86.Build.0 = Release|Win32
		{BBEB4E96-A63E-411F-B3D9-39CA50E97241}.Debug|x64.ActiveCfg = Debug|x64
		{BBEB4E96-A63E-411F-B3D9-39CA50E97241}.Debug|x64.Build.0 = Debug|x64
		{BBEB4E96-A63E-411F-B3D9-39CA50E97241}.Debug|x86.ActiveCfg = Debug|Win32
		{BBEB4E96-A63E-411F-B3D9-39CA50E97241}.Debug|x86.Build.0 = Debug|Win32
		{BBEB4E96-A63E-411F-B3D9-39CA50E97241}.Release|x64.ActiveCfg = Release|x64
		{BBEB4E96-A63E-411F-B3D9-39CA50E97241}.Release|x64.Build.0 = Release|x64
		{BBEB4E96-A63E-411F-B3D9-39CA50E97241}.Release|x86.ActiveCfg = Release|Win32
		{BBEB4E96-A63E-411F-B3D9-39CA50E97241}.Release|x86.Build.0 = Release|Win32
		{8CC9FEEB-2615-4FEB-BEC8-A88003DAA634}.Debug|x64.ActiveCfg = Debug|x64
		{8CC9FEEB-2615-4FEB-BEC8-A88003DAA634}.Debug|x64.Build.0 = Debug|x64
		{8CC9FEEB-2615-4FEB-BEC8-A88003DAA634}.Debug|x86.ActiveCfg = Debug|Win32
		{8CC9FEEB-2615-4FEB-BEC8-A88003DAA634}.Debug|x86.Build.0 = Debug|Win32
		{8CC9FEEB-2615-4FEB-BEC8-A88003DAA634}.Release|x64.ActiveCfg = Release|x64
		{8CC9FEEB-2615-4FEB-BEC8-A88003DAA634}.Release|x64.Build.0 = Release|x64
		{8CC9FEEB-2615-4FEB-BEC8-A88003DAA634}.Release|x86.ActiveCfg = Release|Win32
		{8CC9FEEB-2615-4FEB-BEC8-A88003DAA634}.Release|x86.Build.0 = Release|Win32
	EndGlobalSection
	GlobalSection(SolutionProperties) = preSolution
		HideSolutionNode = FALSE
	EndGlobalSection
	GlobalSection(ExtensibilityGlobals) = postSolution
		SolutionGuid = {BA6E856C-D05A-44C8-BBFB-C9867DCE9FC5}
	EndGlobalSection
EndGlobal
