
Microsoft Visual Studio Solution File, Format Version 12.00
# Visual Studio Version 17
VisualStudioVersion = 17.2.32602.215
MinimumVisualStudioVersion = 10.0.40219.1
Project("{8BC9CEB8-8B4A-11D0-8D11-00A0C91BC942}") = "algorithm", "algorithm\algorithm.vcxproj", "{DFFD0567-C088-4EF2-B4EC-D9877F2C8A97}"
EndProject
Project("{8BC9CEB8-8B4A-11D0-8D11-00A0C91BC942}") = "playground", "playground\playground.vcxproj", "{41C52BDA-EF7E-4661-B859-7897EE554BF7}"
EndProject
Project("{8BC9CEB8-8B4A-11D0-8D11-00A0C91BC942}") = "시간복잡도", "시간복잡도\시간복잡도.vcxproj", "{6CF76DEA-0AF6-4D99-BCB8-9B536D52E28B}"
EndProject
Project("{8BC9CEB8-8B4A-11D0-8D11-00A0C91BC942}") = "1012_유기농배추(bfs)", "1012_유기농배추\1012_유기농배추.vcxproj", "{7931E196-99D2-43F7-97F8-91FCF1851435}"
EndProject
Project("{8BC9CEB8-8B4A-11D0-8D11-00A0C91BC942}") = "1018_체스판다시칠하기(bf)", "1018_체스판다시칠하기\1018_체스판다시칠하기.vcxproj", "{21C45E93-8792-45B7-AB03-CFE0725B4494}"
EndProject
Project("{8BC9CEB8-8B4A-11D0-8D11-00A0C91BC942}") = "1037_약수(lcm)", "1037_약수\1037_약수.vcxproj", "{548BE62B-0BE8-46B2-A643-1FFD18E6578D}"
EndProject
Project("{8BC9CEB8-8B4A-11D0-8D11-00A0C91BC942}") = "algorithm_lcm_gcd", "algorithm_lcm_gcd\algorithm_lcm_gcd.vcxproj", "{FB8A3F7C-DC50-4D7D-A6FB-2EBB4175F9DC}"
EndProject
Project("{8BC9CEB8-8B4A-11D0-8D11-00A0C91BC942}") = "algorithm_에라토스테네스의체", "algorithm_에라토스테네스의체\algorithm_에라토스테네스의체.vcxproj", "{830E3FBE-383B-4C23-975B-70B83B01C767}"
EndProject
Project("{8BC9CEB8-8B4A-11D0-8D11-00A0C91BC942}") = "1065_한수(등차수열)", "1065_한수(등차수열)\1065_한수(등차수열).vcxproj", "{FA54ECD7-833D-4ADA-8DB3-33FD33095206}"
EndProject
Project("{8BC9CEB8-8B4A-11D0-8D11-00A0C91BC942}") = "1068_트리(리프노드)", "1068_트리(리트노드)\1068_트리(리트노드).vcxproj", "{98D711E9-9A61-433C-90C7-CD6FD029B569}"
EndProject
Project("{8BC9CEB8-8B4A-11D0-8D11-00A0C91BC942}") = "1085_직사각형에서탈출", "1085_직사각형에서탈출\1085_직사각형에서탈출.vcxproj", "{9C17D3FB-FC29-470D-BC17-E488229BBE6A}"
EndProject
Project("{8BC9CEB8-8B4A-11D0-8D11-00A0C91BC942}") = "1094_막대기(2진수나누기)", "1094_막대기\1094_막대기.vcxproj", "{429DD68C-9C0C-4A7C-9948-DF90B1D3246B}"
EndProject
Project("{8BC9CEB8-8B4A-11D0-8D11-00A0C91BC942}") = "1152_단어의개수(문자열)", "1152_단어의개수\1152_단어의개수.vcxproj", "{D2DFE904-1DF9-4F55-BF92-01E49C23B414}"
EndProject
Project("{8BC9CEB8-8B4A-11D0-8D11-00A0C91BC942}") = "1157_단어공부(문자열)", "1157_단어공부\1157_단어공부.vcxproj", "{E614138B-7E2B-456F-87F9-83128E1DAF1B}"
EndProject
Project("{8BC9CEB8-8B4A-11D0-8D11-00A0C91BC942}") = "1159_농구경기(문자열)", "1159_농구경기\1159_농구경기.vcxproj", "{CB4C3570-4C31-459E-B1F9-74758C14502C}"
EndProject
Project("{8BC9CEB8-8B4A-11D0-8D11-00A0C91BC942}") = "1181_단어정렬(custom_sort)", "1181_단어정렬(custom_sort)\1181_단어정렬(custom_sort).vcxproj", "{6096BE89-C3DF-4BAB-B1A5-4528BF11C063}"
EndProject
Project("{8BC9CEB8-8B4A-11D0-8D11-00A0C91BC942}") = "1189_컴백홈(백트래킹)", "1189_컴백홈(백트래킹)\1189_컴백홈(백트래킹).vcxproj", "{1AA4B3F8-DF24-4CAD-9525-D3E62898AA16}"
EndProject
Project("{8BC9CEB8-8B4A-11D0-8D11-00A0C91BC942}") = "1193_분수찾기(수학)", "1193_분수찾기(수학)\1193_분수찾기(수학).vcxproj", "{10D32B01-DD11-449E-BDF2-FE7D85BEF695}"
EndProject
Project("{8BC9CEB8-8B4A-11D0-8D11-00A0C91BC942}") = "1213_팰린드롬만들기(그리디)", "1213_팰린드롬만들기(그리디)\1213_팰린드롬만들기(그리디).vcxproj", "{BB850E51-63FE-4A4E-A37D-AD437D3998E6}"
EndProject
Project("{8BC9CEB8-8B4A-11D0-8D11-00A0C91BC942}") = "1316_그룹단어체커", "1316_그룹단어체커\1316_그룹단어체커.vcxproj", "{1DA90536-2A8C-4CDD-B326-078E3FD4AF7D}"
EndProject
Project("{8BC9CEB8-8B4A-11D0-8D11-00A0C91BC942}") = "1325_효율적인해킹(단방향간선)", "1325_효율적인해킹\1325_효율적인해킹.vcxproj", "{D635C3EE-4CB6-448C-8206-E248E7A15C9F}"
EndProject
Project("{8BC9CEB8-8B4A-11D0-8D11-00A0C91BC942}") = "1436_영화감독숌", "1436_영화감독숌\1436_영화감독숌.vcxproj", "{68CAE15F-DE60-4731-8936-908860161BAA}"
EndProject
Project("{8BC9CEB8-8B4A-11D0-8D11-00A0C91BC942}") = "1546_평균", "1546_평균\1546_평균.vcxproj", "{0C6E3FCF-F449-45C9-A820-223FAC111157}"
EndProject
Project("{8BC9CEB8-8B4A-11D0-8D11-00A0C91BC942}") = "1620_나는야포캣몬마스터이다솜", "1620_나는야포캣몬마스터이다솜\1620_나는야포캣몬마스터이다솜.vcxproj", "{733C0AAB-1D68-4EB1-8212-DCFCE0706BC1}"
EndProject
Project("{8BC9CEB8-8B4A-11D0-8D11-00A0C91BC942}") = "1676_팩토리얼0의개수", "1676_팩토리얼0의개수\1676_팩토리얼0의개수.vcxproj", "{CE0AC6B8-D2FD-4CE9-A4BC-0F5D65C5E73A}"
EndProject
Project("{8BC9CEB8-8B4A-11D0-8D11-00A0C91BC942}") = "1712_손익분기점", "1712_손익분기점\1712_손익분기점.vcxproj", "{66010D86-4B96-49E4-A9A2-0026D3D54467}"
EndProject
Project("{8BC9CEB8-8B4A-11D0-8D11-00A0C91BC942}") = "1764_듣보잡", "1764_듣보잡\1764_듣보잡.vcxproj", "{C84D17BF-1C0E-4080-9D76-DDA6BD817DF4}"
EndProject
Project("{8BC9CEB8-8B4A-11D0-8D11-00A0C91BC942}") = "1929_소수구하기", "1929_소수구하기\1929_소수구하기.vcxproj", "{82E2D394-FA87-4803-95FF-B0D4C87D3655}"
EndProject
Project("{8BC9CEB8-8B4A-11D0-8D11-00A0C91BC942}") = "1934_최소공배수", "1934_최소공배수\1934_최소공배수.vcxproj", "{3875E62D-0018-4BDC-AAB1-634333237AEC}"
EndProject
Project("{8BC9CEB8-8B4A-11D0-8D11-00A0C91BC942}") = "1940_.주몽", "1940_.주몽\1940_.주몽.vcxproj", "{C781BFEF-96AF-4B47-86F6-3FD97237248B}"
EndProject
Project("{8BC9CEB8-8B4A-11D0-8D11-00A0C91BC942}") = "1978_소수찾기", "1978_소수찾기\1978_소수찾기.vcxproj", "{B21F195F-10CB-4096-A7C0-6EA8DA7B5F75}"
EndProject
Project("{8BC9CEB8-8B4A-11D0-8D11-00A0C91BC942}") = "1987_알파벳(백트래킹)", "1987_알파벳\1987_알파벳.vcxproj", "{00C18177-B78C-425C-A663-3D972F9D8D6F}"
EndProject
Project("{8BC9CEB8-8B4A-11D0-8D11-00A0C91BC942}") = "1992_쿼드트리(분할정복,재귀)(틀림)", "1992_쿼드트리\1992_쿼드트리.vcxproj", "{C3BEDE92-EC89-4F34-8AB6-F9675BC666D5}"
EndProject
Project("{8BC9CEB8-8B4A-11D0-8D11-00A0C91BC942}") = "2108_통계학(틀림)", "2108_통계학\2108_통계학.vcxproj", "{9DAD78AF-BF96-4528-BFCF-479087C55543}"
EndProject
Project("{8BC9CEB8-8B4A-11D0-8D11-00A0C91BC942}") = "2178_미로탐색(bfs)", "2178_미로탐색(bfs)\2178_미로탐색(bfs).vcxproj", "{5F9D0DB7-C4B7-4413-8726-3948FBD0B06F}"
EndProject
Project("{8BC9CEB8-8B4A-11D0-8D11-00A0C91BC942}") = "2231_분해합", "2231_분해합\2231_분해합.vcxproj", "{D448CC23-2F5D-42BE-95BF-B64CC94B792D}"
EndProject
Project("{8BC9CEB8-8B4A-11D0-8D11-00A0C91BC942}") = "2234_성곽(비트마스킹)(다시 ㄱㄱ)", "2234_성곽(비트마스킹)\2234_성곽(비트마스킹).vcxproj", "{F7349440-D23B-472D-A5D0-169EFFA51CFF}"
EndProject
Project("{8BC9CEB8-8B4A-11D0-8D11-00A0C91BC942}") = "2292_벌집", "2292_벌집\2292_벌집.vcxproj", "{0F58C73C-8C6B-4353-9AE5-DE1EDCB1EC23}"
EndProject
Project("{8BC9CEB8-8B4A-11D0-8D11-00A0C91BC942}") = "2309_일곱난쟁이", "2309_일곱난쟁이\2309_일곱난쟁이.vcxproj", "{02E5B9D5-6D36-477E-96EC-0DAB2DE066A6}"
EndProject
Project("{8BC9CEB8-8B4A-11D0-8D11-00A0C91BC942}") = "2438_별찍기-1", "2438_별찍기-1\2438_별찍기-1.vcxproj", "{17FC4E48-639A-4873-9F8D-B4E82DB33781}"
EndProject
Project("{8BC9CEB8-8B4A-11D0-8D11-00A0C91BC942}") = "2447_별찍기10(재귀)", "2447_별찍기10(재구)\2447_별찍기10(재구).vcxproj", "{E3C8D084-FA9D-4C0F-8AB6-42EB9135D027}"
EndProject
Project("{8BC9CEB8-8B4A-11D0-8D11-00A0C91BC942}") = "1523_hacking(vertex)", "1523_hacking(vertex)\1523_hacking(vertex).vcxproj", "{63C49E98-AF9E-4227-9C75-B72B787A11C1}"
EndProject
Global
	GlobalSection(SolutionConfigurationPlatforms) = preSolution
		Debug|x64 = Debug|x64
		Debug|x86 = Debug|x86
		Release|x64 = Release|x64
		Release|x86 = Release|x86
	EndGlobalSection
	GlobalSection(ProjectConfigurationPlatforms) = postSolution
		{DFFD0567-C088-4EF2-B4EC-D9877F2C8A97}.Debug|x64.ActiveCfg = Debug|x64
		{DFFD0567-C088-4EF2-B4EC-D9877F2C8A97}.Debug|x64.Build.0 = Debug|x64
		{DFFD0567-C088-4EF2-B4EC-D9877F2C8A97}.Debug|x86.ActiveCfg = Debug|Win32
		{DFFD0567-C088-4EF2-B4EC-D9877F2C8A97}.Debug|x86.Build.0 = Debug|Win32
		{DFFD0567-C088-4EF2-B4EC-D9877F2C8A97}.Release|x64.ActiveCfg = Release|x64
		{DFFD0567-C088-4EF2-B4EC-D9877F2C8A97}.Release|x64.Build.0 = Release|x64
		{DFFD0567-C088-4EF2-B4EC-D9877F2C8A97}.Release|x86.ActiveCfg = Release|Win32
		{DFFD0567-C088-4EF2-B4EC-D9877F2C8A97}.Release|x86.Build.0 = Release|Win32
		{41C52BDA-EF7E-4661-B859-7897EE554BF7}.Debug|x64.ActiveCfg = Debug|x64
		{41C52BDA-EF7E-4661-B859-7897EE554BF7}.Debug|x64.Build.0 = Debug|x64
		{41C52BDA-EF7E-4661-B859-7897EE554BF7}.Debug|x86.ActiveCfg = Debug|Win32
		{41C52BDA-EF7E-4661-B859-7897EE554BF7}.Debug|x86.Build.0 = Debug|Win32
		{41C52BDA-EF7E-4661-B859-7897EE554BF7}.Release|x64.ActiveCfg = Release|x64
		{41C52BDA-EF7E-4661-B859-7897EE554BF7}.Release|x64.Build.0 = Release|x64
		{41C52BDA-EF7E-4661-B859-7897EE554BF7}.Release|x86.ActiveCfg = Release|Win32
		{41C52BDA-EF7E-4661-B859-7897EE554BF7}.Release|x86.Build.0 = Release|Win32
		{6CF76DEA-0AF6-4D99-BCB8-9B536D52E28B}.Debug|x64.ActiveCfg = Debug|x64
		{6CF76DEA-0AF6-4D99-BCB8-9B536D52E28B}.Debug|x64.Build.0 = Debug|x64
		{6CF76DEA-0AF6-4D99-BCB8-9B536D52E28B}.Debug|x86.ActiveCfg = Debug|Win32
		{6CF76DEA-0AF6-4D99-BCB8-9B536D52E28B}.Debug|x86.Build.0 = Debug|Win32
		{6CF76DEA-0AF6-4D99-BCB8-9B536D52E28B}.Release|x64.ActiveCfg = Release|x64
		{6CF76DEA-0AF6-4D99-BCB8-9B536D52E28B}.Release|x64.Build.0 = Release|x64
		{6CF76DEA-0AF6-4D99-BCB8-9B536D52E28B}.Release|x86.ActiveCfg = Release|Win32
		{6CF76DEA-0AF6-4D99-BCB8-9B536D52E28B}.Release|x86.Build.0 = Release|Win32
		{7931E196-99D2-43F7-97F8-91FCF1851435}.Debug|x64.ActiveCfg = Debug|x64
		{7931E196-99D2-43F7-97F8-91FCF1851435}.Debug|x64.Build.0 = Debug|x64
		{7931E196-99D2-43F7-97F8-91FCF1851435}.Debug|x86.ActiveCfg = Debug|Win32
		{7931E196-99D2-43F7-97F8-91FCF1851435}.Debug|x86.Build.0 = Debug|Win32
		{7931E196-99D2-43F7-97F8-91FCF1851435}.Release|x64.ActiveCfg = Release|x64
		{7931E196-99D2-43F7-97F8-91FCF1851435}.Release|x64.Build.0 = Release|x64
		{7931E196-99D2-43F7-97F8-91FCF1851435}.Release|x86.ActiveCfg = Release|Win32
		{7931E196-99D2-43F7-97F8-91FCF1851435}.Release|x86.Build.0 = Release|Win32
		{21C45E93-8792-45B7-AB03-CFE0725B4494}.Debug|x64.ActiveCfg = Debug|x64
		{21C45E93-8792-45B7-AB03-CFE0725B4494}.Debug|x64.Build.0 = Debug|x64
		{21C45E93-8792-45B7-AB03-CFE0725B4494}.Debug|x86.ActiveCfg = Debug|Win32
		{21C45E93-8792-45B7-AB03-CFE0725B4494}.Debug|x86.Build.0 = Debug|Win32
		{21C45E93-8792-45B7-AB03-CFE0725B4494}.Release|x64.ActiveCfg = Release|x64
		{21C45E93-8792-45B7-AB03-CFE0725B4494}.Release|x64.Build.0 = Release|x64
		{21C45E93-8792-45B7-AB03-CFE0725B4494}.Release|x86.ActiveCfg = Release|Win32
		{21C45E93-8792-45B7-AB03-CFE0725B4494}.Release|x86.Build.0 = Release|Win32
		{548BE62B-0BE8-46B2-A643-1FFD18E6578D}.Debug|x64.ActiveCfg = Debug|x64
		{548BE62B-0BE8-46B2-A643-1FFD18E6578D}.Debug|x64.Build.0 = Debug|x64
		{548BE62B-0BE8-46B2-A643-1FFD18E6578D}.Debug|x86.ActiveCfg = Debug|Win32
		{548BE62B-0BE8-46B2-A643-1FFD18E6578D}.Debug|x86.Build.0 = Debug|Win32
		{548BE62B-0BE8-46B2-A643-1FFD18E6578D}.Release|x64.ActiveCfg = Release|x64
		{548BE62B-0BE8-46B2-A643-1FFD18E6578D}.Release|x64.Build.0 = Release|x64
		{548BE62B-0BE8-46B2-A643-1FFD18E6578D}.Release|x86.ActiveCfg = Release|Win32
		{548BE62B-0BE8-46B2-A643-1FFD18E6578D}.Release|x86.Build.0 = Release|Win32
		{FB8A3F7C-DC50-4D7D-A6FB-2EBB4175F9DC}.Debug|x64.ActiveCfg = Debug|x64
		{FB8A3F7C-DC50-4D7D-A6FB-2EBB4175F9DC}.Debug|x64.Build.0 = Debug|x64
		{FB8A3F7C-DC50-4D7D-A6FB-2EBB4175F9DC}.Debug|x86.ActiveCfg = Debug|Win32
		{FB8A3F7C-DC50-4D7D-A6FB-2EBB4175F9DC}.Debug|x86.Build.0 = Debug|Win32
		{FB8A3F7C-DC50-4D7D-A6FB-2EBB4175F9DC}.Release|x64.ActiveCfg = Release|x64
		{FB8A3F7C-DC50-4D7D-A6FB-2EBB4175F9DC}.Release|x64.Build.0 = Release|x64
		{FB8A3F7C-DC50-4D7D-A6FB-2EBB4175F9DC}.Release|x86.ActiveCfg = Release|Win32
		{FB8A3F7C-DC50-4D7D-A6FB-2EBB4175F9DC}.Release|x86.Build.0 = Release|Win32
		{830E3FBE-383B-4C23-975B-70B83B01C767}.Debug|x64.ActiveCfg = Debug|x64
		{830E3FBE-383B-4C23-975B-70B83B01C767}.Debug|x64.Build.0 = Debug|x64
		{830E3FBE-383B-4C23-975B-70B83B01C767}.Debug|x86.ActiveCfg = Debug|Win32
		{830E3FBE-383B-4C23-975B-70B83B01C767}.Debug|x86.Build.0 = Debug|Win32
		{830E3FBE-383B-4C23-975B-70B83B01C767}.Release|x64.ActiveCfg = Release|x64
		{830E3FBE-383B-4C23-975B-70B83B01C767}.Release|x64.Build.0 = Release|x64
		{830E3FBE-383B-4C23-975B-70B83B01C767}.Release|x86.ActiveCfg = Release|Win32
		{830E3FBE-383B-4C23-975B-70B83B01C767}.Release|x86.Build.0 = Release|Win32
		{FA54ECD7-833D-4ADA-8DB3-33FD33095206}.Debug|x64.ActiveCfg = Debug|x64
		{FA54ECD7-833D-4ADA-8DB3-33FD33095206}.Debug|x64.Build.0 = Debug|x64
		{FA54ECD7-833D-4ADA-8DB3-33FD33095206}.Debug|x86.ActiveCfg = Debug|Win32
		{FA54ECD7-833D-4ADA-8DB3-33FD33095206}.Debug|x86.Build.0 = Debug|Win32
		{FA54ECD7-833D-4ADA-8DB3-33FD33095206}.Release|x64.ActiveCfg = Release|x64
		{FA54ECD7-833D-4ADA-8DB3-33FD33095206}.Release|x64.Build.0 = Release|x64
		{FA54ECD7-833D-4ADA-8DB3-33FD33095206}.Release|x86.ActiveCfg = Release|Win32
		{FA54ECD7-833D-4ADA-8DB3-33FD33095206}.Release|x86.Build.0 = Release|Win32
		{98D711E9-9A61-433C-90C7-CD6FD029B569}.Debug|x64.ActiveCfg = Debug|x64
		{98D711E9-9A61-433C-90C7-CD6FD029B569}.Debug|x64.Build.0 = Debug|x64
		{98D711E9-9A61-433C-90C7-CD6FD029B569}.Debug|x86.ActiveCfg = Debug|Win32
		{98D711E9-9A61-433C-90C7-CD6FD029B569}.Debug|x86.Build.0 = Debug|Win32
		{98D711E9-9A61-433C-90C7-CD6FD029B569}.Release|x64.ActiveCfg = Release|x64
		{98D711E9-9A61-433C-90C7-CD6FD029B569}.Release|x64.Build.0 = Release|x64
		{98D711E9-9A61-433C-90C7-CD6FD029B569}.Release|x86.ActiveCfg = Release|Win32
		{98D711E9-9A61-433C-90C7-CD6FD029B569}.Release|x86.Build.0 = Release|Win32
		{9C17D3FB-FC29-470D-BC17-E488229BBE6A}.Debug|x64.ActiveCfg = Debug|x64
		{9C17D3FB-FC29-470D-BC17-E488229BBE6A}.Debug|x64.Build.0 = Debug|x64
		{9C17D3FB-FC29-470D-BC17-E488229BBE6A}.Debug|x86.ActiveCfg = Debug|Win32
		{9C17D3FB-FC29-470D-BC17-E488229BBE6A}.Debug|x86.Build.0 = Debug|Win32
		{9C17D3FB-FC29-470D-BC17-E488229BBE6A}.Release|x64.ActiveCfg = Release|x64
		{9C17D3FB-FC29-470D-BC17-E488229BBE6A}.Release|x64.Build.0 = Release|x64
		{9C17D3FB-FC29-470D-BC17-E488229BBE6A}.Release|x86.ActiveCfg = Release|Win32
		{9C17D3FB-FC29-470D-BC17-E488229BBE6A}.Release|x86.Build.0 = Release|Win32
		{429DD68C-9C0C-4A7C-9948-DF90B1D3246B}.Debug|x64.ActiveCfg = Debug|x64
		{429DD68C-9C0C-4A7C-9948-DF90B1D3246B}.Debug|x64.Build.0 = Debug|x64
		{429DD68C-9C0C-4A7C-9948-DF90B1D3246B}.Debug|x86.ActiveCfg = Debug|Win32
		{429DD68C-9C0C-4A7C-9948-DF90B1D3246B}.Debug|x86.Build.0 = Debug|Win32
		{429DD68C-9C0C-4A7C-9948-DF90B1D3246B}.Release|x64.ActiveCfg = Release|x64
		{429DD68C-9C0C-4A7C-9948-DF90B1D3246B}.Release|x64.Build.0 = Release|x64
		{429DD68C-9C0C-4A7C-9948-DF90B1D3246B}.Release|x86.ActiveCfg = Release|Win32
		{429DD68C-9C0C-4A7C-9948-DF90B1D3246B}.Release|x86.Build.0 = Release|Win32
		{D2DFE904-1DF9-4F55-BF92-01E49C23B414}.Debug|x64.ActiveCfg = Debug|x64
		{D2DFE904-1DF9-4F55-BF92-01E49C23B414}.Debug|x64.Build.0 = Debug|x64
		{D2DFE904-1DF9-4F55-BF92-01E49C23B414}.Debug|x86.ActiveCfg = Debug|Win32
		{D2DFE904-1DF9-4F55-BF92-01E49C23B414}.Debug|x86.Build.0 = Debug|Win32
		{D2DFE904-1DF9-4F55-BF92-01E49C23B414}.Release|x64.ActiveCfg = Release|x64
		{D2DFE904-1DF9-4F55-BF92-01E49C23B414}.Release|x64.Build.0 = Release|x64
		{D2DFE904-1DF9-4F55-BF92-01E49C23B414}.Release|x86.ActiveCfg = Release|Win32
		{D2DFE904-1DF9-4F55-BF92-01E49C23B414}.Release|x86.Build.0 = Release|Win32
		{E614138B-7E2B-456F-87F9-83128E1DAF1B}.Debug|x64.ActiveCfg = Debug|x64
		{E614138B-7E2B-456F-87F9-83128E1DAF1B}.Debug|x64.Build.0 = Debug|x64
		{E614138B-7E2B-456F-87F9-83128E1DAF1B}.Debug|x86.ActiveCfg = Debug|Win32
		{E614138B-7E2B-456F-87F9-83128E1DAF1B}.Debug|x86.Build.0 = Debug|Win32
		{E614138B-7E2B-456F-87F9-83128E1DAF1B}.Release|x64.ActiveCfg = Release|x64
		{E614138B-7E2B-456F-87F9-83128E1DAF1B}.Release|x64.Build.0 = Release|x64
		{E614138B-7E2B-456F-87F9-83128E1DAF1B}.Release|x86.ActiveCfg = Release|Win32
		{E614138B-7E2B-456F-87F9-83128E1DAF1B}.Release|x86.Build.0 = Release|Win32
		{CB4C3570-4C31-459E-B1F9-74758C14502C}.Debug|x64.ActiveCfg = Debug|x64
		{CB4C3570-4C31-459E-B1F9-74758C14502C}.Debug|x64.Build.0 = Debug|x64
		{CB4C3570-4C31-459E-B1F9-74758C14502C}.Debug|x86.ActiveCfg = Debug|Win32
		{CB4C3570-4C31-459E-B1F9-74758C14502C}.Debug|x86.Build.0 = Debug|Win32
		{CB4C3570-4C31-459E-B1F9-74758C14502C}.Release|x64.ActiveCfg = Release|x64
		{CB4C3570-4C31-459E-B1F9-74758C14502C}.Release|x64.Build.0 = Release|x64
		{CB4C3570-4C31-459E-B1F9-74758C14502C}.Release|x86.ActiveCfg = Release|Win32
		{CB4C3570-4C31-459E-B1F9-74758C14502C}.Release|x86.Build.0 = Release|Win32
		{6096BE89-C3DF-4BAB-B1A5-4528BF11C063}.Debug|x64.ActiveCfg = Debug|x64
		{6096BE89-C3DF-4BAB-B1A5-4528BF11C063}.Debug|x64.Build.0 = Debug|x64
		{6096BE89-C3DF-4BAB-B1A5-4528BF11C063}.Debug|x86.ActiveCfg = Debug|Win32
		{6096BE89-C3DF-4BAB-B1A5-4528BF11C063}.Debug|x86.Build.0 = Debug|Win32
		{6096BE89-C3DF-4BAB-B1A5-4528BF11C063}.Release|x64.ActiveCfg = Release|x64
		{6096BE89-C3DF-4BAB-B1A5-4528BF11C063}.Release|x64.Build.0 = Release|x64
		{6096BE89-C3DF-4BAB-B1A5-4528BF11C063}.Release|x86.ActiveCfg = Release|Win32
		{6096BE89-C3DF-4BAB-B1A5-4528BF11C063}.Release|x86.Build.0 = Release|Win32
		{1AA4B3F8-DF24-4CAD-9525-D3E62898AA16}.Debug|x64.ActiveCfg = Debug|x64
		{1AA4B3F8-DF24-4CAD-9525-D3E62898AA16}.Debug|x64.Build.0 = Debug|x64
		{1AA4B3F8-DF24-4CAD-9525-D3E62898AA16}.Debug|x86.ActiveCfg = Debug|Win32
		{1AA4B3F8-DF24-4CAD-9525-D3E62898AA16}.Debug|x86.Build.0 = Debug|Win32
		{1AA4B3F8-DF24-4CAD-9525-D3E62898AA16}.Release|x64.ActiveCfg = Release|x64
		{1AA4B3F8-DF24-4CAD-9525-D3E62898AA16}.Release|x64.Build.0 = Release|x64
		{1AA4B3F8-DF24-4CAD-9525-D3E62898AA16}.Release|x86.ActiveCfg = Release|Win32
		{1AA4B3F8-DF24-4CAD-9525-D3E62898AA16}.Release|x86.Build.0 = Release|Win32
		{10D32B01-DD11-449E-BDF2-FE7D85BEF695}.Debug|x64.ActiveCfg = Debug|x64
		{10D32B01-DD11-449E-BDF2-FE7D85BEF695}.Debug|x64.Build.0 = Debug|x64
		{10D32B01-DD11-449E-BDF2-FE7D85BEF695}.Debug|x86.ActiveCfg = Debug|Win32
		{10D32B01-DD11-449E-BDF2-FE7D85BEF695}.Debug|x86.Build.0 = Debug|Win32
		{10D32B01-DD11-449E-BDF2-FE7D85BEF695}.Release|x64.ActiveCfg = Release|x64
		{10D32B01-DD11-449E-BDF2-FE7D85BEF695}.Release|x64.Build.0 = Release|x64
		{10D32B01-DD11-449E-BDF2-FE7D85BEF695}.Release|x86.ActiveCfg = Release|Win32
		{10D32B01-DD11-449E-BDF2-FE7D85BEF695}.Release|x86.Build.0 = Release|Win32
		{BB850E51-63FE-4A4E-A37D-AD437D3998E6}.Debug|x64.ActiveCfg = Debug|x64
		{BB850E51-63FE-4A4E-A37D-AD437D3998E6}.Debug|x64.Build.0 = Debug|x64
		{BB850E51-63FE-4A4E-A37D-AD437D3998E6}.Debug|x86.ActiveCfg = Debug|Win32
		{BB850E51-63FE-4A4E-A37D-AD437D3998E6}.Debug|x86.Build.0 = Debug|Win32
		{BB850E51-63FE-4A4E-A37D-AD437D3998E6}.Release|x64.ActiveCfg = Release|x64
		{BB850E51-63FE-4A4E-A37D-AD437D3998E6}.Release|x64.Build.0 = Release|x64
		{BB850E51-63FE-4A4E-A37D-AD437D3998E6}.Release|x86.ActiveCfg = Release|Win32
		{BB850E51-63FE-4A4E-A37D-AD437D3998E6}.Release|x86.Build.0 = Release|Win32
		{1DA90536-2A8C-4CDD-B326-078E3FD4AF7D}.Debug|x64.ActiveCfg = Debug|x64
		{1DA90536-2A8C-4CDD-B326-078E3FD4AF7D}.Debug|x64.Build.0 = Debug|x64
		{1DA90536-2A8C-4CDD-B326-078E3FD4AF7D}.Debug|x86.ActiveCfg = Debug|Win32
		{1DA90536-2A8C-4CDD-B326-078E3FD4AF7D}.Debug|x86.Build.0 = Debug|Win32
		{1DA90536-2A8C-4CDD-B326-078E3FD4AF7D}.Release|x64.ActiveCfg = Release|x64
		{1DA90536-2A8C-4CDD-B326-078E3FD4AF7D}.Release|x64.Build.0 = Release|x64
		{1DA90536-2A8C-4CDD-B326-078E3FD4AF7D}.Release|x86.ActiveCfg = Release|Win32
		{1DA90536-2A8C-4CDD-B326-078E3FD4AF7D}.Release|x86.Build.0 = Release|Win32
		{D635C3EE-4CB6-448C-8206-E248E7A15C9F}.Debug|x64.ActiveCfg = Debug|x64
		{D635C3EE-4CB6-448C-8206-E248E7A15C9F}.Debug|x64.Build.0 = Debug|x64
		{D635C3EE-4CB6-448C-8206-E248E7A15C9F}.Debug|x86.ActiveCfg = Debug|Win32
		{D635C3EE-4CB6-448C-8206-E248E7A15C9F}.Debug|x86.Build.0 = Debug|Win32
		{D635C3EE-4CB6-448C-8206-E248E7A15C9F}.Release|x64.ActiveCfg = Release|x64
		{D635C3EE-4CB6-448C-8206-E248E7A15C9F}.Release|x64.Build.0 = Release|x64
		{D635C3EE-4CB6-448C-8206-E248E7A15C9F}.Release|x86.ActiveCfg = Release|Win32
		{D635C3EE-4CB6-448C-8206-E248E7A15C9F}.Release|x86.Build.0 = Release|Win32
		{68CAE15F-DE60-4731-8936-908860161BAA}.Debug|x64.ActiveCfg = Debug|x64
		{68CAE15F-DE60-4731-8936-908860161BAA}.Debug|x64.Build.0 = Debug|x64
		{68CAE15F-DE60-4731-8936-908860161BAA}.Debug|x86.ActiveCfg = Debug|Win32
		{68CAE15F-DE60-4731-8936-908860161BAA}.Debug|x86.Build.0 = Debug|Win32
		{68CAE15F-DE60-4731-8936-908860161BAA}.Release|x64.ActiveCfg = Release|x64
		{68CAE15F-DE60-4731-8936-908860161BAA}.Release|x64.Build.0 = Release|x64
		{68CAE15F-DE60-4731-8936-908860161BAA}.Release|x86.ActiveCfg = Release|Win32
		{68CAE15F-DE60-4731-8936-908860161BAA}.Release|x86.Build.0 = Release|Win32
		{0C6E3FCF-F449-45C9-A820-223FAC111157}.Debug|x64.ActiveCfg = Debug|x64
		{0C6E3FCF-F449-45C9-A820-223FAC111157}.Debug|x64.Build.0 = Debug|x64
		{0C6E3FCF-F449-45C9-A820-223FAC111157}.Debug|x86.ActiveCfg = Debug|Win32
		{0C6E3FCF-F449-45C9-A820-223FAC111157}.Debug|x86.Build.0 = Debug|Win32
		{0C6E3FCF-F449-45C9-A820-223FAC111157}.Release|x64.ActiveCfg = Release|x64
		{0C6E3FCF-F449-45C9-A820-223FAC111157}.Release|x64.Build.0 = Release|x64
		{0C6E3FCF-F449-45C9-A820-223FAC111157}.Release|x86.ActiveCfg = Release|Win32
		{0C6E3FCF-F449-45C9-A820-223FAC111157}.Release|x86.Build.0 = Release|Win32
		{733C0AAB-1D68-4EB1-8212-DCFCE0706BC1}.Debug|x64.ActiveCfg = Debug|x64
		{733C0AAB-1D68-4EB1-8212-DCFCE0706BC1}.Debug|x64.Build.0 = Debug|x64
		{733C0AAB-1D68-4EB1-8212-DCFCE0706BC1}.Debug|x86.ActiveCfg = Debug|Win32
		{733C0AAB-1D68-4EB1-8212-DCFCE0706BC1}.Debug|x86.Build.0 = Debug|Win32
		{733C0AAB-1D68-4EB1-8212-DCFCE0706BC1}.Release|x64.ActiveCfg = Release|x64
		{733C0AAB-1D68-4EB1-8212-DCFCE0706BC1}.Release|x64.Build.0 = Release|x64
		{733C0AAB-1D68-4EB1-8212-DCFCE0706BC1}.Release|x86.ActiveCfg = Release|Win32
		{733C0AAB-1D68-4EB1-8212-DCFCE0706BC1}.Release|x86.Build.0 = Release|Win32
		{CE0AC6B8-D2FD-4CE9-A4BC-0F5D65C5E73A}.Debug|x64.ActiveCfg = Debug|x64
		{CE0AC6B8-D2FD-4CE9-A4BC-0F5D65C5E73A}.Debug|x64.Build.0 = Debug|x64
		{CE0AC6B8-D2FD-4CE9-A4BC-0F5D65C5E73A}.Debug|x86.ActiveCfg = Debug|Win32
		{CE0AC6B8-D2FD-4CE9-A4BC-0F5D65C5E73A}.Debug|x86.Build.0 = Debug|Win32
		{CE0AC6B8-D2FD-4CE9-A4BC-0F5D65C5E73A}.Release|x64.ActiveCfg = Release|x64
		{CE0AC6B8-D2FD-4CE9-A4BC-0F5D65C5E73A}.Release|x64.Build.0 = Release|x64
		{CE0AC6B8-D2FD-4CE9-A4BC-0F5D65C5E73A}.Release|x86.ActiveCfg = Release|Win32
		{CE0AC6B8-D2FD-4CE9-A4BC-0F5D65C5E73A}.Release|x86.Build.0 = Release|Win32
		{66010D86-4B96-49E4-A9A2-0026D3D54467}.Debug|x64.ActiveCfg = Debug|x64
		{66010D86-4B96-49E4-A9A2-0026D3D54467}.Debug|x64.Build.0 = Debug|x64
		{66010D86-4B96-49E4-A9A2-0026D3D54467}.Debug|x86.ActiveCfg = Debug|Win32
		{66010D86-4B96-49E4-A9A2-0026D3D54467}.Debug|x86.Build.0 = Debug|Win32
		{66010D86-4B96-49E4-A9A2-0026D3D54467}.Release|x64.ActiveCfg = Release|x64
		{66010D86-4B96-49E4-A9A2-0026D3D54467}.Release|x64.Build.0 = Release|x64
		{66010D86-4B96-49E4-A9A2-0026D3D54467}.Release|x86.ActiveCfg = Release|Win32
		{66010D86-4B96-49E4-A9A2-0026D3D54467}.Release|x86.Build.0 = Release|Win32
		{C84D17BF-1C0E-4080-9D76-DDA6BD817DF4}.Debug|x64.ActiveCfg = Debug|x64
		{C84D17BF-1C0E-4080-9D76-DDA6BD817DF4}.Debug|x64.Build.0 = Debug|x64
		{C84D17BF-1C0E-4080-9D76-DDA6BD817DF4}.Debug|x86.ActiveCfg = Debug|Win32
		{C84D17BF-1C0E-4080-9D76-DDA6BD817DF4}.Debug|x86.Build.0 = Debug|Win32
		{C84D17BF-1C0E-4080-9D76-DDA6BD817DF4}.Release|x64.ActiveCfg = Release|x64
		{C84D17BF-1C0E-4080-9D76-DDA6BD817DF4}.Release|x64.Build.0 = Release|x64
		{C84D17BF-1C0E-4080-9D76-DDA6BD817DF4}.Release|x86.ActiveCfg = Release|Win32
		{C84D17BF-1C0E-4080-9D76-DDA6BD817DF4}.Release|x86.Build.0 = Release|Win32
		{82E2D394-FA87-4803-95FF-B0D4C87D3655}.Debug|x64.ActiveCfg = Debug|x64
		{82E2D394-FA87-4803-95FF-B0D4C87D3655}.Debug|x64.Build.0 = Debug|x64
		{82E2D394-FA87-4803-95FF-B0D4C87D3655}.Debug|x86.ActiveCfg = Debug|Win32
		{82E2D394-FA87-4803-95FF-B0D4C87D3655}.Debug|x86.Build.0 = Debug|Win32
		{82E2D394-FA87-4803-95FF-B0D4C87D3655}.Release|x64.ActiveCfg = Release|x64
		{82E2D394-FA87-4803-95FF-B0D4C87D3655}.Release|x64.Build.0 = Release|x64
		{82E2D394-FA87-4803-95FF-B0D4C87D3655}.Release|x86.ActiveCfg = Release|Win32
		{82E2D394-FA87-4803-95FF-B0D4C87D3655}.Release|x86.Build.0 = Release|Win32
		{3875E62D-0018-4BDC-AAB1-634333237AEC}.Debug|x64.ActiveCfg = Debug|x64
		{3875E62D-0018-4BDC-AAB1-634333237AEC}.Debug|x64.Build.0 = Debug|x64
		{3875E62D-0018-4BDC-AAB1-634333237AEC}.Debug|x86.ActiveCfg = Debug|Win32
		{3875E62D-0018-4BDC-AAB1-634333237AEC}.Debug|x86.Build.0 = Debug|Win32
		{3875E62D-0018-4BDC-AAB1-634333237AEC}.Release|x64.ActiveCfg = Release|x64
		{3875E62D-0018-4BDC-AAB1-634333237AEC}.Release|x64.Build.0 = Release|x64
		{3875E62D-0018-4BDC-AAB1-634333237AEC}.Release|x86.ActiveCfg = Release|Win32
		{3875E62D-0018-4BDC-AAB1-634333237AEC}.Release|x86.Build.0 = Release|Win32
		{C781BFEF-96AF-4B47-86F6-3FD97237248B}.Debug|x64.ActiveCfg = Debug|x64
		{C781BFEF-96AF-4B47-86F6-3FD97237248B}.Debug|x64.Build.0 = Debug|x64
		{C781BFEF-96AF-4B47-86F6-3FD97237248B}.Debug|x86.ActiveCfg = Debug|Win32
		{C781BFEF-96AF-4B47-86F6-3FD97237248B}.Debug|x86.Build.0 = Debug|Win32
		{C781BFEF-96AF-4B47-86F6-3FD97237248B}.Release|x64.ActiveCfg = Release|x64
		{C781BFEF-96AF-4B47-86F6-3FD97237248B}.Release|x64.Build.0 = Release|x64
		{C781BFEF-96AF-4B47-86F6-3FD97237248B}.Release|x86.ActiveCfg = Release|Win32
		{C781BFEF-96AF-4B47-86F6-3FD97237248B}.Release|x86.Build.0 = Release|Win32
		{B21F195F-10CB-4096-A7C0-6EA8DA7B5F75}.Debug|x64.ActiveCfg = Debug|x64
		{B21F195F-10CB-4096-A7C0-6EA8DA7B5F75}.Debug|x64.Build.0 = Debug|x64
		{B21F195F-10CB-4096-A7C0-6EA8DA7B5F75}.Debug|x86.ActiveCfg = Debug|Win32
		{B21F195F-10CB-4096-A7C0-6EA8DA7B5F75}.Debug|x86.Build.0 = Debug|Win32
		{B21F195F-10CB-4096-A7C0-6EA8DA7B5F75}.Release|x64.ActiveCfg = Release|x64
		{B21F195F-10CB-4096-A7C0-6EA8DA7B5F75}.Release|x64.Build.0 = Release|x64
		{B21F195F-10CB-4096-A7C0-6EA8DA7B5F75}.Release|x86.ActiveCfg = Release|Win32
		{B21F195F-10CB-4096-A7C0-6EA8DA7B5F75}.Release|x86.Build.0 = Release|Win32
		{00C18177-B78C-425C-A663-3D972F9D8D6F}.Debug|x64.ActiveCfg = Debug|x64
		{00C18177-B78C-425C-A663-3D972F9D8D6F}.Debug|x64.Build.0 = Debug|x64
		{00C18177-B78C-425C-A663-3D972F9D8D6F}.Debug|x86.ActiveCfg = Debug|Win32
		{00C18177-B78C-425C-A663-3D972F9D8D6F}.Debug|x86.Build.0 = Debug|Win32
		{00C18177-B78C-425C-A663-3D972F9D8D6F}.Release|x64.ActiveCfg = Release|x64
		{00C18177-B78C-425C-A663-3D972F9D8D6F}.Release|x64.Build.0 = Release|x64
		{00C18177-B78C-425C-A663-3D972F9D8D6F}.Release|x86.ActiveCfg = Release|Win32
		{00C18177-B78C-425C-A663-3D972F9D8D6F}.Release|x86.Build.0 = Release|Win32
		{C3BEDE92-EC89-4F34-8AB6-F9675BC666D5}.Debug|x64.ActiveCfg = Debug|x64
		{C3BEDE92-EC89-4F34-8AB6-F9675BC666D5}.Debug|x64.Build.0 = Debug|x64
		{C3BEDE92-EC89-4F34-8AB6-F9675BC666D5}.Debug|x86.ActiveCfg = Debug|Win32
		{C3BEDE92-EC89-4F34-8AB6-F9675BC666D5}.Debug|x86.Build.0 = Debug|Win32
		{C3BEDE92-EC89-4F34-8AB6-F9675BC666D5}.Release|x64.ActiveCfg = Release|x64
		{C3BEDE92-EC89-4F34-8AB6-F9675BC666D5}.Release|x64.Build.0 = Release|x64
		{C3BEDE92-EC89-4F34-8AB6-F9675BC666D5}.Release|x86.ActiveCfg = Release|Win32
		{C3BEDE92-EC89-4F34-8AB6-F9675BC666D5}.Release|x86.Build.0 = Release|Win32
		{9DAD78AF-BF96-4528-BFCF-479087C55543}.Debug|x64.ActiveCfg = Debug|x64
		{9DAD78AF-BF96-4528-BFCF-479087C55543}.Debug|x64.Build.0 = Debug|x64
		{9DAD78AF-BF96-4528-BFCF-479087C55543}.Debug|x86.ActiveCfg = Debug|Win32
		{9DAD78AF-BF96-4528-BFCF-479087C55543}.Debug|x86.Build.0 = Debug|Win32
		{9DAD78AF-BF96-4528-BFCF-479087C55543}.Release|x64.ActiveCfg = Release|x64
		{9DAD78AF-BF96-4528-BFCF-479087C55543}.Release|x64.Build.0 = Release|x64
		{9DAD78AF-BF96-4528-BFCF-479087C55543}.Release|x86.ActiveCfg = Release|Win32
		{9DAD78AF-BF96-4528-BFCF-479087C55543}.Release|x86.Build.0 = Release|Win32
		{5F9D0DB7-C4B7-4413-8726-3948FBD0B06F}.Debug|x64.ActiveCfg = Debug|x64
		{5F9D0DB7-C4B7-4413-8726-3948FBD0B06F}.Debug|x64.Build.0 = Debug|x64
		{5F9D0DB7-C4B7-4413-8726-3948FBD0B06F}.Debug|x86.ActiveCfg = Debug|Win32
		{5F9D0DB7-C4B7-4413-8726-3948FBD0B06F}.Debug|x86.Build.0 = Debug|Win32
		{5F9D0DB7-C4B7-4413-8726-3948FBD0B06F}.Release|x64.ActiveCfg = Release|x64
		{5F9D0DB7-C4B7-4413-8726-3948FBD0B06F}.Release|x64.Build.0 = Release|x64
		{5F9D0DB7-C4B7-4413-8726-3948FBD0B06F}.Release|x86.ActiveCfg = Release|Win32
		{5F9D0DB7-C4B7-4413-8726-3948FBD0B06F}.Release|x86.Build.0 = Release|Win32
		{D448CC23-2F5D-42BE-95BF-B64CC94B792D}.Debug|x64.ActiveCfg = Debug|x64
		{D448CC23-2F5D-42BE-95BF-B64CC94B792D}.Debug|x64.Build.0 = Debug|x64
		{D448CC23-2F5D-42BE-95BF-B64CC94B792D}.Debug|x86.ActiveCfg = Debug|Win32
		{D448CC23-2F5D-42BE-95BF-B64CC94B792D}.Debug|x86.Build.0 = Debug|Win32
		{D448CC23-2F5D-42BE-95BF-B64CC94B792D}.Release|x64.ActiveCfg = Release|x64
		{D448CC23-2F5D-42BE-95BF-B64CC94B792D}.Release|x64.Build.0 = Release|x64
		{D448CC23-2F5D-42BE-95BF-B64CC94B792D}.Release|x86.ActiveCfg = Release|Win32
		{D448CC23-2F5D-42BE-95BF-B64CC94B792D}.Release|x86.Build.0 = Release|Win32
		{F7349440-D23B-472D-A5D0-169EFFA51CFF}.Debug|x64.ActiveCfg = Debug|x64
		{F7349440-D23B-472D-A5D0-169EFFA51CFF}.Debug|x64.Build.0 = Debug|x64
		{F7349440-D23B-472D-A5D0-169EFFA51CFF}.Debug|x86.ActiveCfg = Debug|Win32
		{F7349440-D23B-472D-A5D0-169EFFA51CFF}.Debug|x86.Build.0 = Debug|Win32
		{F7349440-D23B-472D-A5D0-169EFFA51CFF}.Release|x64.ActiveCfg = Release|x64
		{F7349440-D23B-472D-A5D0-169EFFA51CFF}.Release|x64.Build.0 = Release|x64
		{F7349440-D23B-472D-A5D0-169EFFA51CFF}.Release|x86.ActiveCfg = Release|Win32
		{F7349440-D23B-472D-A5D0-169EFFA51CFF}.Release|x86.Build.0 = Release|Win32
		{0F58C73C-8C6B-4353-9AE5-DE1EDCB1EC23}.Debug|x64.ActiveCfg = Debug|x64
		{0F58C73C-8C6B-4353-9AE5-DE1EDCB1EC23}.Debug|x64.Build.0 = Debug|x64
		{0F58C73C-8C6B-4353-9AE5-DE1EDCB1EC23}.Debug|x86.ActiveCfg = Debug|Win32
		{0F58C73C-8C6B-4353-9AE5-DE1EDCB1EC23}.Debug|x86.Build.0 = Debug|Win32
		{0F58C73C-8C6B-4353-9AE5-DE1EDCB1EC23}.Release|x64.ActiveCfg = Release|x64
		{0F58C73C-8C6B-4353-9AE5-DE1EDCB1EC23}.Release|x64.Build.0 = Release|x64
		{0F58C73C-8C6B-4353-9AE5-DE1EDCB1EC23}.Release|x86.ActiveCfg = Release|Win32
		{0F58C73C-8C6B-4353-9AE5-DE1EDCB1EC23}.Release|x86.Build.0 = Release|Win32
		{02E5B9D5-6D36-477E-96EC-0DAB2DE066A6}.Debug|x64.ActiveCfg = Debug|x64
		{02E5B9D5-6D36-477E-96EC-0DAB2DE066A6}.Debug|x64.Build.0 = Debug|x64
		{02E5B9D5-6D36-477E-96EC-0DAB2DE066A6}.Debug|x86.ActiveCfg = Debug|Win32
		{02E5B9D5-6D36-477E-96EC-0DAB2DE066A6}.Debug|x86.Build.0 = Debug|Win32
		{02E5B9D5-6D36-477E-96EC-0DAB2DE066A6}.Release|x64.ActiveCfg = Release|x64
		{02E5B9D5-6D36-477E-96EC-0DAB2DE066A6}.Release|x64.Build.0 = Release|x64
		{02E5B9D5-6D36-477E-96EC-0DAB2DE066A6}.Release|x86.ActiveCfg = Release|Win32
		{02E5B9D5-6D36-477E-96EC-0DAB2DE066A6}.Release|x86.Build.0 = Release|Win32
		{17FC4E48-639A-4873-9F8D-B4E82DB33781}.Debug|x64.ActiveCfg = Debug|x64
		{17FC4E48-639A-4873-9F8D-B4E82DB33781}.Debug|x64.Build.0 = Debug|x64
		{17FC4E48-639A-4873-9F8D-B4E82DB33781}.Debug|x86.ActiveCfg = Debug|Win32
		{17FC4E48-639A-4873-9F8D-B4E82DB33781}.Debug|x86.Build.0 = Debug|Win32
		{17FC4E48-639A-4873-9F8D-B4E82DB33781}.Release|x64.ActiveCfg = Release|x64
		{17FC4E48-639A-4873-9F8D-B4E82DB33781}.Release|x64.Build.0 = Release|x64
		{17FC4E48-639A-4873-9F8D-B4E82DB33781}.Release|x86.ActiveCfg = Release|Win32
		{17FC4E48-639A-4873-9F8D-B4E82DB33781}.Release|x86.Build.0 = Release|Win32
		{E3C8D084-FA9D-4C0F-8AB6-42EB9135D027}.Debug|x64.ActiveCfg = Debug|x64
		{E3C8D084-FA9D-4C0F-8AB6-42EB9135D027}.Debug|x64.Build.0 = Debug|x64
		{E3C8D084-FA9D-4C0F-8AB6-42EB9135D027}.Debug|x86.ActiveCfg = Debug|Win32
		{E3C8D084-FA9D-4C0F-8AB6-42EB9135D027}.Debug|x86.Build.0 = Debug|Win32
		{E3C8D084-FA9D-4C0F-8AB6-42EB9135D027}.Release|x64.ActiveCfg = Release|x64
		{E3C8D084-FA9D-4C0F-8AB6-42EB9135D027}.Release|x64.Build.0 = Release|x64
		{E3C8D084-FA9D-4C0F-8AB6-42EB9135D027}.Release|x86.ActiveCfg = Release|Win32
		{E3C8D084-FA9D-4C0F-8AB6-42EB9135D027}.Release|x86.Build.0 = Release|Win32
		{63C49E98-AF9E-4227-9C75-B72B787A11C1}.Debug|x64.ActiveCfg = Debug|x64
		{63C49E98-AF9E-4227-9C75-B72B787A11C1}.Debug|x64.Build.0 = Debug|x64
		{63C49E98-AF9E-4227-9C75-B72B787A11C1}.Debug|x86.ActiveCfg = Debug|Win32
		{63C49E98-AF9E-4227-9C75-B72B787A11C1}.Debug|x86.Build.0 = Debug|Win32
		{63C49E98-AF9E-4227-9C75-B72B787A11C1}.Release|x64.ActiveCfg = Release|x64
		{63C49E98-AF9E-4227-9C75-B72B787A11C1}.Release|x64.Build.0 = Release|x64
		{63C49E98-AF9E-4227-9C75-B72B787A11C1}.Release|x86.ActiveCfg = Release|Win32
		{63C49E98-AF9E-4227-9C75-B72B787A11C1}.Release|x86.Build.0 = Release|Win32
	EndGlobalSection
	GlobalSection(SolutionProperties) = preSolution
		HideSolutionNode = FALSE
	EndGlobalSection
	GlobalSection(ExtensibilityGlobals) = postSolution
		SolutionGuid = {C4AA450B-E160-4FFE-A508-C1FBAD91C692}
	EndGlobalSection
EndGlobal
